// !$*UTF8*$!
{
	archiveVersion = 1;
	classes = {
	};
	objectVersion = 50;
	objects = {

/* Begin PBXBuildFile section */
		2160EDE82399F5B8002C9202 /* AppDelegate.swift in Sources */ = {isa = PBXBuildFile; fileRef = 2160EDE72399F5B8002C9202 /* AppDelegate.swift */; };
		2160EDEA2399F5B8002C9202 /* SceneDelegate.swift in Sources */ = {isa = PBXBuildFile; fileRef = 2160EDE92399F5B8002C9202 /* SceneDelegate.swift */; };
		2160EDEC2399F5B8002C9202 /* ViewController.swift in Sources */ = {isa = PBXBuildFile; fileRef = 2160EDEB2399F5B8002C9202 /* ViewController.swift */; };
		2160EDEF2399F5B8002C9202 /* Main.storyboard in Resources */ = {isa = PBXBuildFile; fileRef = 2160EDED2399F5B8002C9202 /* Main.storyboard */; };
		2160EDF12399F5BC002C9202 /* Assets.xcassets in Resources */ = {isa = PBXBuildFile; fileRef = 2160EDF02399F5BC002C9202 /* Assets.xcassets */; };
		2160EDF42399F5BC002C9202 /* LaunchScreen.storyboard in Resources */ = {isa = PBXBuildFile; fileRef = 2160EDF22399F5BC002C9202 /* LaunchScreen.storyboard */; };
		2160EE032399F6A6002C9202 /* JikanEndPoint.swift in Sources */ = {isa = PBXBuildFile; fileRef = 2160EE022399F6A6002C9202 /* JikanEndPoint.swift */; };
		2160EE052399F6B2002C9202 /* NetworkManager.swift in Sources */ = {isa = PBXBuildFile; fileRef = 2160EE042399F6B2002C9202 /* NetworkManager.swift */; };
		2160EE072399F6C8002C9202 /* EndPointType.swift in Sources */ = {isa = PBXBuildFile; fileRef = 2160EE062399F6C8002C9202 /* EndPointType.swift */; };
		2160EE092399F6D3002C9202 /* Router.swift in Sources */ = {isa = PBXBuildFile; fileRef = 2160EE082399F6D3002C9202 /* Router.swift */; };
		2160EE0B2399F6DF002C9202 /* HTTPMethod.swift in Sources */ = {isa = PBXBuildFile; fileRef = 2160EE0A2399F6DF002C9202 /* HTTPMethod.swift */; };
		2160EE0D2399F6ED002C9202 /* HTTPTask.swift in Sources */ = {isa = PBXBuildFile; fileRef = 2160EE0C2399F6ED002C9202 /* HTTPTask.swift */; };
		2160EE0F2399F6F6002C9202 /* NetworkLogger.swift in Sources */ = {isa = PBXBuildFile; fileRef = 2160EE0E2399F6F6002C9202 /* NetworkLogger.swift */; };
		2160EE112399F704002C9202 /* ParameterEncoding.swift in Sources */ = {isa = PBXBuildFile; fileRef = 2160EE102399F704002C9202 /* ParameterEncoding.swift */; };
		2160EE132399F711002C9202 /* URLParameterEncoding.swift in Sources */ = {isa = PBXBuildFile; fileRef = 2160EE122399F711002C9202 /* URLParameterEncoding.swift */; };
		2160EE152399F723002C9202 /* JSONParameterEncoder.swift in Sources */ = {isa = PBXBuildFile; fileRef = 2160EE142399F723002C9202 /* JSONParameterEncoder.swift */; };
		2160EE1A2399F763002C9202 /* Top.swift in Sources */ = {isa = PBXBuildFile; fileRef = 2160EE192399F763002C9202 /* Top.swift */; };
		2160EE1C2399F76E002C9202 /* TopResults.swift in Sources */ = {isa = PBXBuildFile; fileRef = 2160EE1B2399F76E002C9202 /* TopResults.swift */; };
		2160EE1E2399F77B002C9202 /* Searched.swift in Sources */ = {isa = PBXBuildFile; fileRef = 2160EE1D2399F77B002C9202 /* Searched.swift */; };
		2160EE202399F782002C9202 /* Results.swift in Sources */ = {isa = PBXBuildFile; fileRef = 2160EE1F2399F782002C9202 /* Results.swift */; };
		2160EE222399F792002C9202 /* Adaptation.swift in Sources */ = {isa = PBXBuildFile; fileRef = 2160EE212399F792002C9202 /* Adaptation.swift */; };
		2160EE242399F79A002C9202 /* Aired.swift in Sources */ = {isa = PBXBuildFile; fileRef = 2160EE232399F79A002C9202 /* Aired.swift */; };
		2160EE262399F7A3002C9202 /* From.swift in Sources */ = {isa = PBXBuildFile; fileRef = 2160EE252399F7A3002C9202 /* From.swift */; };
		2160EE282399F7AC002C9202 /* Genres.swift in Sources */ = {isa = PBXBuildFile; fileRef = 2160EE272399F7AC002C9202 /* Genres.swift */; };
		2160EE2A2399F7B4002C9202 /* Anime.swift in Sources */ = {isa = PBXBuildFile; fileRef = 2160EE292399F7B4002C9202 /* Anime.swift */; };
		2160EE2C2399F7BD002C9202 /* Licensors.swift in Sources */ = {isa = PBXBuildFile; fileRef = 2160EE2B2399F7BD002C9202 /* Licensors.swift */; };
		2160EE2E2399F7C7002C9202 /* Producers.swift in Sources */ = {isa = PBXBuildFile; fileRef = 2160EE2D2399F7C7002C9202 /* Producers.swift */; };
		2160EE302399F7D5002C9202 /* Prop.swift in Sources */ = {isa = PBXBuildFile; fileRef = 2160EE2F2399F7D5002C9202 /* Prop.swift */; };
		2160EE322399F7DF002C9202 /* Related.swift in Sources */ = {isa = PBXBuildFile; fileRef = 2160EE312399F7DF002C9202 /* Related.swift */; };
		2160EE342399F7E9002C9202 /* SideStory.swift in Sources */ = {isa = PBXBuildFile; fileRef = 2160EE332399F7E9002C9202 /* SideStory.swift */; };
		2160EE362399F7F6002C9202 /* Studios.swift in Sources */ = {isa = PBXBuildFile; fileRef = 2160EE352399F7F6002C9202 /* Studios.swift */; };
		2160EE382399F809002C9202 /* Summary.swift in Sources */ = {isa = PBXBuildFile; fileRef = 2160EE372399F809002C9202 /* Summary.swift */; };
		2160EE3A2399F811002C9202 /* To.swift in Sources */ = {isa = PBXBuildFile; fileRef = 2160EE392399F811002C9202 /* To.swift */; };
		2160EE3C2399FA55002C9202 /* ImagesExtension.swift in Sources */ = {isa = PBXBuildFile; fileRef = 2160EE3B2399FA55002C9202 /* ImagesExtension.swift */; };
		2160EE42239C1A67002C9202 /* HomeTableViewCell.swift in Sources */ = {isa = PBXBuildFile; fileRef = 2160EE41239C1A67002C9202 /* HomeTableViewCell.swift */; };
		2160EE48239C54DF002C9202 /* HomeCollectionViewCell.swift in Sources */ = {isa = PBXBuildFile; fileRef = 2160EE47239C54DF002C9202 /* HomeCollectionViewCell.swift */; };
		21920B0C23B11DEB00C9A3B9 /* DetailsTableViewCell.swift in Sources */ = {isa = PBXBuildFile; fileRef = 21920B0B23B11DEB00C9A3B9 /* DetailsTableViewCell.swift */; };
		21920B1023B1588000C9A3B9 /* ScheduleViewController.swift in Sources */ = {isa = PBXBuildFile; fileRef = 21920B0F23B1588000C9A3B9 /* ScheduleViewController.swift */; };
		2197FD1E23B159A30037C88B /* ScheduleTableViewCell.swift in Sources */ = {isa = PBXBuildFile; fileRef = 2197FD1D23B159A30037C88B /* ScheduleTableViewCell.swift */; };
		2197FD2323B15D100037C88B /* Schedule.swift in Sources */ = {isa = PBXBuildFile; fileRef = 2197FD2223B15D100037C88B /* Schedule.swift */; };
		2197FD2523B15D170037C88B /* Day.swift in Sources */ = {isa = PBXBuildFile; fileRef = 2197FD2423B15D170037C88B /* Day.swift */; };
		21C3D8C0239D52ED00C0CE55 /* Section.swift in Sources */ = {isa = PBXBuildFile; fileRef = 21C3D8BF239D52ED00C0CE55 /* Section.swift */; };
		21C3D8C2239F43D800C0CE55 /* DetailsViewController.swift in Sources */ = {isa = PBXBuildFile; fileRef = 21C3D8C1239F43D800C0CE55 /* DetailsViewController.swift */; };
/* End PBXBuildFile section */

/* Begin PBXFileReference section */
		2160EDE42399F5B8002C9202 /* Anime List.app */ = {isa = PBXFileReference; explicitFileType = wrapper.application; includeInIndex = 0; path = "Anime List.app"; sourceTree = BUILT_PRODUCTS_DIR; };
		2160EDE72399F5B8002C9202 /* AppDelegate.swift */ = {isa = PBXFileReference; lastKnownFileType = sourcecode.swift; path = AppDelegate.swift; sourceTree = "<group>"; };
		2160EDE92399F5B8002C9202 /* SceneDelegate.swift */ = {isa = PBXFileReference; lastKnownFileType = sourcecode.swift; path = SceneDelegate.swift; sourceTree = "<group>"; };
		2160EDEB2399F5B8002C9202 /* ViewController.swift */ = {isa = PBXFileReference; lastKnownFileType = sourcecode.swift; path = ViewController.swift; sourceTree = "<group>"; };
		2160EDEE2399F5B8002C9202 /* Base */ = {isa = PBXFileReference; lastKnownFileType = file.storyboard; name = Base; path = Base.lproj/Main.storyboard; sourceTree = "<group>"; };
		2160EDF02399F5BC002C9202 /* Assets.xcassets */ = {isa = PBXFileReference; lastKnownFileType = folder.assetcatalog; path = Assets.xcassets; sourceTree = "<group>"; };
		2160EDF32399F5BC002C9202 /* Base */ = {isa = PBXFileReference; lastKnownFileType = file.storyboard; name = Base; path = Base.lproj/LaunchScreen.storyboard; sourceTree = "<group>"; };
		2160EDF52399F5BC002C9202 /* Info.plist */ = {isa = PBXFileReference; lastKnownFileType = text.plist.xml; path = Info.plist; sourceTree = "<group>"; };
		2160EE022399F6A6002C9202 /* JikanEndPoint.swift */ = {isa = PBXFileReference; lastKnownFileType = sourcecode.swift; path = JikanEndPoint.swift; sourceTree = "<group>"; };
		2160EE042399F6B2002C9202 /* NetworkManager.swift */ = {isa = PBXFileReference; lastKnownFileType = sourcecode.swift; path = NetworkManager.swift; sourceTree = "<group>"; };
		2160EE062399F6C8002C9202 /* EndPointType.swift */ = {isa = PBXFileReference; lastKnownFileType = sourcecode.swift; path = EndPointType.swift; sourceTree = "<group>"; };
		2160EE082399F6D3002C9202 /* Router.swift */ = {isa = PBXFileReference; lastKnownFileType = sourcecode.swift; path = Router.swift; sourceTree = "<group>"; };
		2160EE0A2399F6DF002C9202 /* HTTPMethod.swift */ = {isa = PBXFileReference; lastKnownFileType = sourcecode.swift; path = HTTPMethod.swift; sourceTree = "<group>"; };
		2160EE0C2399F6ED002C9202 /* HTTPTask.swift */ = {isa = PBXFileReference; lastKnownFileType = sourcecode.swift; path = HTTPTask.swift; sourceTree = "<group>"; };
		2160EE0E2399F6F6002C9202 /* NetworkLogger.swift */ = {isa = PBXFileReference; lastKnownFileType = sourcecode.swift; path = NetworkLogger.swift; sourceTree = "<group>"; };
		2160EE102399F704002C9202 /* ParameterEncoding.swift */ = {isa = PBXFileReference; lastKnownFileType = sourcecode.swift; path = ParameterEncoding.swift; sourceTree = "<group>"; };
		2160EE122399F711002C9202 /* URLParameterEncoding.swift */ = {isa = PBXFileReference; lastKnownFileType = sourcecode.swift; path = URLParameterEncoding.swift; sourceTree = "<group>"; };
		2160EE142399F723002C9202 /* JSONParameterEncoder.swift */ = {isa = PBXFileReference; lastKnownFileType = sourcecode.swift; path = JSONParameterEncoder.swift; sourceTree = "<group>"; };
		2160EE192399F763002C9202 /* Top.swift */ = {isa = PBXFileReference; lastKnownFileType = sourcecode.swift; path = Top.swift; sourceTree = "<group>"; };
		2160EE1B2399F76E002C9202 /* TopResults.swift */ = {isa = PBXFileReference; lastKnownFileType = sourcecode.swift; path = TopResults.swift; sourceTree = "<group>"; };
		2160EE1D2399F77B002C9202 /* Searched.swift */ = {isa = PBXFileReference; lastKnownFileType = sourcecode.swift; path = Searched.swift; sourceTree = "<group>"; };
		2160EE1F2399F782002C9202 /* Results.swift */ = {isa = PBXFileReference; lastKnownFileType = sourcecode.swift; path = Results.swift; sourceTree = "<group>"; };
		2160EE212399F792002C9202 /* Adaptation.swift */ = {isa = PBXFileReference; lastKnownFileType = sourcecode.swift; path = Adaptation.swift; sourceTree = "<group>"; };
		2160EE232399F79A002C9202 /* Aired.swift */ = {isa = PBXFileReference; lastKnownFileType = sourcecode.swift; path = Aired.swift; sourceTree = "<group>"; };
		2160EE252399F7A3002C9202 /* From.swift */ = {isa = PBXFileReference; lastKnownFileType = sourcecode.swift; path = From.swift; sourceTree = "<group>"; };
		2160EE272399F7AC002C9202 /* Genres.swift */ = {isa = PBXFileReference; lastKnownFileType = sourcecode.swift; path = Genres.swift; sourceTree = "<group>"; };
		2160EE292399F7B4002C9202 /* Anime.swift */ = {isa = PBXFileReference; lastKnownFileType = sourcecode.swift; path = Anime.swift; sourceTree = "<group>"; };
		2160EE2B2399F7BD002C9202 /* Licensors.swift */ = {isa = PBXFileReference; lastKnownFileType = sourcecode.swift; path = Licensors.swift; sourceTree = "<group>"; };
		2160EE2D2399F7C7002C9202 /* Producers.swift */ = {isa = PBXFileReference; lastKnownFileType = sourcecode.swift; path = Producers.swift; sourceTree = "<group>"; };
		2160EE2F2399F7D5002C9202 /* Prop.swift */ = {isa = PBXFileReference; lastKnownFileType = sourcecode.swift; path = Prop.swift; sourceTree = "<group>"; };
		2160EE312399F7DF002C9202 /* Related.swift */ = {isa = PBXFileReference; lastKnownFileType = sourcecode.swift; path = Related.swift; sourceTree = "<group>"; };
		2160EE332399F7E9002C9202 /* SideStory.swift */ = {isa = PBXFileReference; lastKnownFileType = sourcecode.swift; path = SideStory.swift; sourceTree = "<group>"; };
		2160EE352399F7F6002C9202 /* Studios.swift */ = {isa = PBXFileReference; lastKnownFileType = sourcecode.swift; path = Studios.swift; sourceTree = "<group>"; };
		2160EE372399F809002C9202 /* Summary.swift */ = {isa = PBXFileReference; lastKnownFileType = sourcecode.swift; path = Summary.swift; sourceTree = "<group>"; };
		2160EE392399F811002C9202 /* To.swift */ = {isa = PBXFileReference; lastKnownFileType = sourcecode.swift; path = To.swift; sourceTree = "<group>"; };
		2160EE3B2399FA55002C9202 /* ImagesExtension.swift */ = {isa = PBXFileReference; lastKnownFileType = sourcecode.swift; path = ImagesExtension.swift; sourceTree = "<group>"; };
		2160EE41239C1A67002C9202 /* HomeTableViewCell.swift */ = {isa = PBXFileReference; lastKnownFileType = sourcecode.swift; path = HomeTableViewCell.swift; sourceTree = "<group>"; };
		2160EE47239C54DF002C9202 /* HomeCollectionViewCell.swift */ = {isa = PBXFileReference; lastKnownFileType = sourcecode.swift; path = HomeCollectionViewCell.swift; sourceTree = "<group>"; };
		21920B0B23B11DEB00C9A3B9 /* DetailsTableViewCell.swift */ = {isa = PBXFileReference; lastKnownFileType = sourcecode.swift; path = DetailsTableViewCell.swift; sourceTree = "<group>"; };
		21920B0F23B1588000C9A3B9 /* ScheduleViewController.swift */ = {isa = PBXFileReference; lastKnownFileType = sourcecode.swift; path = ScheduleViewController.swift; sourceTree = "<group>"; };
		2197FD1D23B159A30037C88B /* ScheduleTableViewCell.swift */ = {isa = PBXFileReference; lastKnownFileType = sourcecode.swift; path = ScheduleTableViewCell.swift; sourceTree = "<group>"; };
		2197FD2223B15D100037C88B /* Schedule.swift */ = {isa = PBXFileReference; lastKnownFileType = sourcecode.swift; path = Schedule.swift; sourceTree = "<group>"; };
		2197FD2423B15D170037C88B /* Day.swift */ = {isa = PBXFileReference; lastKnownFileType = sourcecode.swift; path = Day.swift; sourceTree = "<group>"; };
		21C3D8BF239D52ED00C0CE55 /* Section.swift */ = {isa = PBXFileReference; lastKnownFileType = sourcecode.swift; path = Section.swift; sourceTree = "<group>"; };
		21C3D8C1239F43D800C0CE55 /* DetailsViewController.swift */ = {isa = PBXFileReference; lastKnownFileType = sourcecode.swift; path = DetailsViewController.swift; sourceTree = "<group>"; };
/* End PBXFileReference section */

/* Begin PBXFrameworksBuildPhase section */
		2160EDE12399F5B8002C9202 /* Frameworks */ = {
			isa = PBXFrameworksBuildPhase;
			buildActionMask = 2147483647;
			files = (
			);
			runOnlyForDeploymentPostprocessing = 0;
		};
/* End PBXFrameworksBuildPhase section */

/* Begin PBXGroup section */
		2160EDDB2399F5B8002C9202 = {
			isa = PBXGroup;
			children = (
				2160EDE62399F5B8002C9202 /* Anime List */,
				2160EDE52399F5B8002C9202 /* Products */,
			);
			sourceTree = "<group>";
		};
		2160EDE52399F5B8002C9202 /* Products */ = {
			isa = PBXGroup;
			children = (
				2160EDE42399F5B8002C9202 /* Anime List.app */,
			);
			name = Products;
			sourceTree = "<group>";
		};
		2160EDE62399F5B8002C9202 /* Anime List */ = {
			isa = PBXGroup;
			children = (
				21C3D8BE239D52D400C0CE55 /* Enums */,
				2160EDFD2399F64A002C9202 /* Extensions */,
				2160EDFC2399F63F002C9202 /* Model */,
				2160EDFB2399F631002C9202 /* Networking */,
				2160EDE72399F5B8002C9202 /* AppDelegate.swift */,
				2160EDE92399F5B8002C9202 /* SceneDelegate.swift */,
				2197FD2023B159B70037C88B /* ViewController */,
				2197FD1F23B159AD0037C88B /* Views */,
				2160EDED2399F5B8002C9202 /* Main.storyboard */,
				2160EDF02399F5BC002C9202 /* Assets.xcassets */,
				2160EDF22399F5BC002C9202 /* LaunchScreen.storyboard */,
				2160EDF52399F5BC002C9202 /* Info.plist */,
			);
			path = "Anime List";
			sourceTree = "<group>";
		};
		2160EDFB2399F631002C9202 /* Networking */ = {
			isa = PBXGroup;
			children = (
				2160EE012399F693002C9202 /* Encoding */,
				2160EE002399F68C002C9202 /* Service */,
				2160EDFF2399F684002C9202 /* Manager */,
				2160EDFE2399F67C002C9202 /* EndPoint */,
			);
			path = Networking;
			sourceTree = "<group>";
		};
		2160EDFC2399F63F002C9202 /* Model */ = {
			isa = PBXGroup;
			children = (
				2197FD2123B15D030037C88B /* Schedule */,
				2160EE182399F752002C9202 /* Anime */,
				2160EE172399F74C002C9202 /* Searched */,
				2160EE162399F73A002C9202 /* Top */,
			);
			path = Model;
			sourceTree = "<group>";
		};
		2160EDFD2399F64A002C9202 /* Extensions */ = {
			isa = PBXGroup;
			children = (
				2160EE3B2399FA55002C9202 /* ImagesExtension.swift */,
			);
			path = Extensions;
			sourceTree = "<group>";
		};
		2160EDFE2399F67C002C9202 /* EndPoint */ = {
			isa = PBXGroup;
			children = (
				2160EE022399F6A6002C9202 /* JikanEndPoint.swift */,
			);
			path = EndPoint;
			sourceTree = "<group>";
		};
		2160EDFF2399F684002C9202 /* Manager */ = {
			isa = PBXGroup;
			children = (
				2160EE042399F6B2002C9202 /* NetworkManager.swift */,
			);
			path = Manager;
			sourceTree = "<group>";
		};
		2160EE002399F68C002C9202 /* Service */ = {
			isa = PBXGroup;
			children = (
				2160EE062399F6C8002C9202 /* EndPointType.swift */,
				2160EE082399F6D3002C9202 /* Router.swift */,
				2160EE0A2399F6DF002C9202 /* HTTPMethod.swift */,
				2160EE0C2399F6ED002C9202 /* HTTPTask.swift */,
				2160EE0E2399F6F6002C9202 /* NetworkLogger.swift */,
			);
			path = Service;
			sourceTree = "<group>";
		};
		2160EE012399F693002C9202 /* Encoding */ = {
			isa = PBXGroup;
			children = (
				2160EE102399F704002C9202 /* ParameterEncoding.swift */,
				2160EE122399F711002C9202 /* URLParameterEncoding.swift */,
				2160EE142399F723002C9202 /* JSONParameterEncoder.swift */,
			);
			path = Encoding;
			sourceTree = "<group>";
		};
		2160EE162399F73A002C9202 /* Top */ = {
			isa = PBXGroup;
			children = (
				2160EE192399F763002C9202 /* Top.swift */,
				2160EE1B2399F76E002C9202 /* TopResults.swift */,
			);
			path = Top;
			sourceTree = "<group>";
		};
		2160EE172399F74C002C9202 /* Searched */ = {
			isa = PBXGroup;
			children = (
				2160EE1D2399F77B002C9202 /* Searched.swift */,
				2160EE1F2399F782002C9202 /* Results.swift */,
			);
			path = Searched;
			sourceTree = "<group>";
		};
		2160EE182399F752002C9202 /* Anime */ = {
			isa = PBXGroup;
			children = (
				2160EE212399F792002C9202 /* Adaptation.swift */,
				2160EE232399F79A002C9202 /* Aired.swift */,
				2160EE292399F7B4002C9202 /* Anime.swift */,
				2160EE252399F7A3002C9202 /* From.swift */,
				2160EE272399F7AC002C9202 /* Genres.swift */,
				2160EE2B2399F7BD002C9202 /* Licensors.swift */,
				2160EE2D2399F7C7002C9202 /* Producers.swift */,
				2160EE2F2399F7D5002C9202 /* Prop.swift */,
				2160EE312399F7DF002C9202 /* Related.swift */,
				2160EE332399F7E9002C9202 /* SideStory.swift */,
				2160EE352399F7F6002C9202 /* Studios.swift */,
				2160EE372399F809002C9202 /* Summary.swift */,
				2160EE392399F811002C9202 /* To.swift */,
			);
			path = Anime;
			sourceTree = "<group>";
		};
		2197FD1F23B159AD0037C88B /* Views */ = {
			isa = PBXGroup;
			children = (
				2160EE41239C1A67002C9202 /* HomeTableViewCell.swift */,
				2160EE47239C54DF002C9202 /* HomeCollectionViewCell.swift */,
				21920B0B23B11DEB00C9A3B9 /* DetailsTableViewCell.swift */,
				2197FD1D23B159A30037C88B /* ScheduleTableViewCell.swift */,
			);
			path = Views;
			sourceTree = "<group>";
		};
		2197FD2023B159B70037C88B /* ViewController */ = {
			isa = PBXGroup;
			children = (
				2160EDEB2399F5B8002C9202 /* ViewController.swift */,
				21C3D8C1239F43D800C0CE55 /* DetailsViewController.swift */,
				21920B0F23B1588000C9A3B9 /* ScheduleViewController.swift */,
			);
			path = ViewController;
			sourceTree = "<group>";
		};
		2197FD2123B15D030037C88B /* Schedule */ = {
			isa = PBXGroup;
			children = (
				2197FD2223B15D100037C88B /* Schedule.swift */,
				2197FD2423B15D170037C88B /* Day.swift */,
			);
			path = Schedule;
			sourceTree = "<group>";
		};
		21C3D8BE239D52D400C0CE55 /* Enums */ = {
			isa = PBXGroup;
			children = (
				21C3D8BF239D52ED00C0CE55 /* Section.swift */,
			);
			path = Enums;
			sourceTree = "<group>";
		};
/* End PBXGroup section */

/* Begin PBXNativeTarget section */
		2160EDE32399F5B8002C9202 /* Anime List */ = {
			isa = PBXNativeTarget;
			buildConfigurationList = 2160EDF82399F5BC002C9202 /* Build configuration list for PBXNativeTarget "Anime List" */;
			buildPhases = (
				2160EDE02399F5B8002C9202 /* Sources */,
				2160EDE12399F5B8002C9202 /* Frameworks */,
				2160EDE22399F5B8002C9202 /* Resources */,
			);
			buildRules = (
			);
			dependencies = (
			);
			name = "Anime List";
			productName = "Anime List";
			productReference = 2160EDE42399F5B8002C9202 /* Anime List.app */;
			productType = "com.apple.product-type.application";
		};
/* End PBXNativeTarget section */

/* Begin PBXProject section */
		2160EDDC2399F5B8002C9202 /* Project object */ = {
			isa = PBXProject;
			attributes = {
				LastSwiftUpdateCheck = 1110;
				LastUpgradeCheck = 1110;
				ORGANIZATIONNAME = "Aaron Treinish";
				TargetAttributes = {
					2160EDE32399F5B8002C9202 = {
						CreatedOnToolsVersion = 11.1;
					};
				};
			};
			buildConfigurationList = 2160EDDF2399F5B8002C9202 /* Build configuration list for PBXProject "Anime List" */;
			compatibilityVersion = "Xcode 9.3";
			developmentRegion = en;
			hasScannedForEncodings = 0;
			knownRegions = (
				en,
				Base,
			);
			mainGroup = 2160EDDB2399F5B8002C9202;
			productRefGroup = 2160EDE52399F5B8002C9202 /* Products */;
			projectDirPath = "";
			projectRoot = "";
			targets = (
				2160EDE32399F5B8002C9202 /* Anime List */,
			);
		};
/* End PBXProject section */

/* Begin PBXResourcesBuildPhase section */
		2160EDE22399F5B8002C9202 /* Resources */ = {
			isa = PBXResourcesBuildPhase;
			buildActionMask = 2147483647;
			files = (
				2160EDF42399F5BC002C9202 /* LaunchScreen.storyboard in Resources */,
				2160EDF12399F5BC002C9202 /* Assets.xcassets in Resources */,
				2160EDEF2399F5B8002C9202 /* Main.storyboard in Resources */,
			);
			runOnlyForDeploymentPostprocessing = 0;
		};
/* End PBXResourcesBuildPhase section */

/* Begin PBXSourcesBuildPhase section */
		2160EDE02399F5B8002C9202 /* Sources */ = {
			isa = PBXSourcesBuildPhase;
			buildActionMask = 2147483647;
			files = (
				2160EE302399F7D5002C9202 /* Prop.swift in Sources */,
				2160EE0F2399F6F6002C9202 /* NetworkLogger.swift in Sources */,
				2197FD1E23B159A30037C88B /* ScheduleTableViewCell.swift in Sources */,
				2160EE2E2399F7C7002C9202 /* Producers.swift in Sources */,
				2160EE362399F7F6002C9202 /* Studios.swift in Sources */,
				21C3D8C2239F43D800C0CE55 /* DetailsViewController.swift in Sources */,
				2160EE032399F6A6002C9202 /* JikanEndPoint.swift in Sources */,
				2160EE2C2399F7BD002C9202 /* Licensors.swift in Sources */,
				2160EDEC2399F5B8002C9202 /* ViewController.swift in Sources */,
				2160EE072399F6C8002C9202 /* EndPointType.swift in Sources */,
				2160EE3A2399F811002C9202 /* To.swift in Sources */,
				2160EE1C2399F76E002C9202 /* TopResults.swift in Sources */,
				2160EE202399F782002C9202 /* Results.swift in Sources */,
				21920B1023B1588000C9A3B9 /* ScheduleViewController.swift in Sources */,
				2160EE152399F723002C9202 /* JSONParameterEncoder.swift in Sources */,
				2160EE132399F711002C9202 /* URLParameterEncoding.swift in Sources */,
				2160EE382399F809002C9202 /* Summary.swift in Sources */,
				2160EE3C2399FA55002C9202 /* ImagesExtension.swift in Sources */,
				2197FD2523B15D170037C88B /* Day.swift in Sources */,
				2160EE0D2399F6ED002C9202 /* HTTPTask.swift in Sources */,
				2160EE342399F7E9002C9202 /* SideStory.swift in Sources */,
				21C3D8C0239D52ED00C0CE55 /* Section.swift in Sources */,
				2160EE282399F7AC002C9202 /* Genres.swift in Sources */,
				2160EE2A2399F7B4002C9202 /* Anime.swift in Sources */,
				2160EE1E2399F77B002C9202 /* Searched.swift in Sources */,
				2197FD2323B15D100037C88B /* Schedule.swift in Sources */,
				2160EE112399F704002C9202 /* ParameterEncoding.swift in Sources */,
				2160EE092399F6D3002C9202 /* Router.swift in Sources */,
				2160EE222399F792002C9202 /* Adaptation.swift in Sources */,
				2160EE262399F7A3002C9202 /* From.swift in Sources */,
				2160EE322399F7DF002C9202 /* Related.swift in Sources */,
				2160EE0B2399F6DF002C9202 /* HTTPMethod.swift in Sources */,
				2160EE052399F6B2002C9202 /* NetworkManager.swift in Sources */,
				2160EDE82399F5B8002C9202 /* AppDelegate.swift in Sources */,
				21920B0C23B11DEB00C9A3B9 /* DetailsTableViewCell.swift in Sources */,
				2160EE242399F79A002C9202 /* Aired.swift in Sources */,
				2160EDEA2399F5B8002C9202 /* SceneDelegate.swift in Sources */,
				2160EE42239C1A67002C9202 /* HomeTableViewCell.swift in Sources */,
				2160EE1A2399F763002C9202 /* Top.swift in Sources */,
				2160EE48239C54DF002C9202 /* HomeCollectionViewCell.swift in Sources */,
			);
			runOnlyForDeploymentPostprocessing = 0;
		};
/* End PBXSourcesBuildPhase section */

/* Begin PBXVariantGroup section */
		2160EDED2399F5B8002C9202 /* Main.storyboard */ = {
			isa = PBXVariantGroup;
			children = (
				2160EDEE2399F5B8002C9202 /* Base */,
			);
			name = Main.storyboard;
			sourceTree = "<group>";
		};
		2160EDF22399F5BC002C9202 /* LaunchScreen.storyboard */ = {
			isa = PBXVariantGroup;
			children = (
				2160EDF32399F5BC002C9202 /* Base */,
			);
			name = LaunchScreen.storyboard;
			sourceTree = "<group>";
		};
/* End PBXVariantGroup section */

/* Begin XCBuildConfiguration section */
		2160EDF62399F5BC002C9202 /* Debug */ = {
			isa = XCBuildConfiguration;
			buildSettings = {
				ALWAYS_SEARCH_USER_PATHS = NO;
				CLANG_ANALYZER_NONNULL = YES;
				CLANG_ANALYZER_NUMBER_OBJECT_CONVERSION = YES_AGGRESSIVE;
				CLANG_CXX_LANGUAGE_STANDARD = "gnu++14";
				CLANG_CXX_LIBRARY = "libc++";
				CLANG_ENABLE_MODULES = YES;
				CLANG_ENABLE_OBJC_ARC = YES;
				CLANG_ENABLE_OBJC_WEAK = YES;
				CLANG_WARN_BLOCK_CAPTURE_AUTORELEASING = YES;
				CLANG_WARN_BOOL_CONVERSION = YES;
				CLANG_WARN_COMMA = YES;
				CLANG_WARN_CONSTANT_CONVERSION = YES;
				CLANG_WARN_DEPRECATED_OBJC_IMPLEMENTATIONS = YES;
				CLANG_WARN_DIRECT_OBJC_ISA_USAGE = YES_ERROR;
				CLANG_WARN_DOCUMENTATION_COMMENTS = YES;
				CLANG_WARN_EMPTY_BODY = YES;
				CLANG_WARN_ENUM_CONVERSION = YES;
				CLANG_WARN_INFINITE_RECURSION = YES;
				CLANG_WARN_INT_CONVERSION = YES;
				CLANG_WARN_NON_LITERAL_NULL_CONVERSION = YES;
				CLANG_WARN_OBJC_IMPLICIT_RETAIN_SELF = YES;
				CLANG_WARN_OBJC_LITERAL_CONVERSION = YES;
				CLANG_WARN_OBJC_ROOT_CLASS = YES_ERROR;
				CLANG_WARN_RANGE_LOOP_ANALYSIS = YES;
				CLANG_WARN_STRICT_PROTOTYPES = YES;
				CLANG_WARN_SUSPICIOUS_MOVE = YES;
				CLANG_WARN_UNGUARDED_AVAILABILITY = YES_AGGRESSIVE;
				CLANG_WARN_UNREACHABLE_CODE = YES;
				CLANG_WARN__DUPLICATE_METHOD_MATCH = YES;
				COPY_PHASE_STRIP = NO;
				DEBUG_INFORMATION_FORMAT = dwarf;
				ENABLE_STRICT_OBJC_MSGSEND = YES;
				ENABLE_TESTABILITY = YES;
				GCC_C_LANGUAGE_STANDARD = gnu11;
				GCC_DYNAMIC_NO_PIC = NO;
				GCC_NO_COMMON_BLOCKS = YES;
				GCC_OPTIMIZATION_LEVEL = 0;
				GCC_PREPROCESSOR_DEFINITIONS = (
					"DEBUG=1",
					"$(inherited)",
				);
				GCC_WARN_64_TO_32_BIT_CONVERSION = YES;
				GCC_WARN_ABOUT_RETURN_TYPE = YES_ERROR;
				GCC_WARN_UNDECLARED_SELECTOR = YES;
				GCC_WARN_UNINITIALIZED_AUTOS = YES_AGGRESSIVE;
				GCC_WARN_UNUSED_FUNCTION = YES;
				GCC_WARN_UNUSED_VARIABLE = YES;
				IPHONEOS_DEPLOYMENT_TARGET = 13.1;
				MTL_ENABLE_DEBUG_INFO = INCLUDE_SOURCE;
				MTL_FAST_MATH = YES;
				ONLY_ACTIVE_ARCH = YES;
				SDKROOT = iphoneos;
				SWIFT_ACTIVE_COMPILATION_CONDITIONS = DEBUG;
				SWIFT_OPTIMIZATION_LEVEL = "-Onone";
			};
			name = Debug;
		};
		2160EDF72399F5BC002C9202 /* Release */ = {
			isa = XCBuildConfiguration;
			buildSettings = {
				ALWAYS_SEARCH_USER_PATHS = NO;
				CLANG_ANALYZER_NONNULL = YES;
				CLANG_ANALYZER_NUMBER_OBJECT_CONVERSION = YES_AGGRESSIVE;
				CLANG_CXX_LANGUAGE_STANDARD = "gnu++14";
				CLANG_CXX_LIBRARY = "libc++";
				CLANG_ENABLE_MODULES = YES;
				CLANG_ENABLE_OBJC_ARC = YES;
				CLANG_ENABLE_OBJC_WEAK = YES;
				CLANG_WARN_BLOCK_CAPTURE_AUTORELEASING = YES;
				CLANG_WARN_BOOL_CONVERSION = YES;
				CLANG_WARN_COMMA = YES;
				CLANG_WARN_CONSTANT_CONVERSION = YES;
				CLANG_WARN_DEPRECATED_OBJC_IMPLEMENTATIONS = YES;
				CLANG_WARN_DIRECT_OBJC_ISA_USAGE = YES_ERROR;
				CLANG_WARN_DOCUMENTATION_COMMENTS = YES;
				CLANG_WARN_EMPTY_BODY = YES;
				CLANG_WARN_ENUM_CONVERSION = YES;
				CLANG_WARN_INFINITE_RECURSION = YES;
				CLANG_WARN_INT_CONVERSION = YES;
				CLANG_WARN_NON_LITERAL_NULL_CONVERSION = YES;
				CLANG_WARN_OBJC_IMPLICIT_RETAIN_SELF = YES;
				CLANG_WARN_OBJC_LITERAL_CONVERSION = YES;
				CLANG_WARN_OBJC_ROOT_CLASS = YES_ERROR;
				CLANG_WARN_RANGE_LOOP_ANALYSIS = YES;
				CLANG_WARN_STRICT_PROTOTYPES = YES;
				CLANG_WARN_SUSPICIOUS_MOVE = YES;
				CLANG_WARN_UNGUARDED_AVAILABILITY = YES_AGGRESSIVE;
				CLANG_WARN_UNREACHABLE_CODE = YES;
				CLANG_WARN__DUPLICATE_METHOD_MATCH = YES;
				COPY_PHASE_STRIP = NO;
				DEBUG_INFORMATION_FORMAT = "dwarf-with-dsym";
				ENABLE_NS_ASSERTIONS = NO;
				ENABLE_STRICT_OBJC_MSGSEND = YES;
				GCC_C_LANGUAGE_STANDARD = gnu11;
				GCC_NO_COMMON_BLOCKS = YES;
				GCC_WARN_64_TO_32_BIT_CONVERSION = YES;
				GCC_WARN_ABOUT_RETURN_TYPE = YES_ERROR;
				GCC_WARN_UNDECLARED_SELECTOR = YES;
				GCC_WARN_UNINITIALIZED_AUTOS = YES_AGGRESSIVE;
				GCC_WARN_UNUSED_FUNCTION = YES;
				GCC_WARN_UNUSED_VARIABLE = YES;
				IPHONEOS_DEPLOYMENT_TARGET = 13.1;
				MTL_ENABLE_DEBUG_INFO = NO;
				MTL_FAST_MATH = YES;
				SDKROOT = iphoneos;
				SWIFT_COMPILATION_MODE = wholemodule;
				SWIFT_OPTIMIZATION_LEVEL = "-O";
				VALIDATE_PRODUCT = YES;
			};
			name = Release;
		};
		2160EDF92399F5BC002C9202 /* Debug */ = {
			isa = XCBuildConfiguration;
			buildSettings = {
				ASSETCATALOG_COMPILER_APPICON_NAME = AppIcon;
				CODE_SIGN_STYLE = Automatic;
				DEVELOPMENT_TEAM = S2MU333RF6;
				INFOPLIST_FILE = "Anime List/Info.plist";
				LD_RUNPATH_SEARCH_PATHS = (
					"$(inherited)",
					"@executable_path/Frameworks",
				);
				PRODUCT_BUNDLE_IDENTIFIER = "com.Aarontreinish.Anime-List";
				PRODUCT_NAME = "$(TARGET_NAME)";
				SWIFT_VERSION = 5.0;
				TARGETED_DEVICE_FAMILY = "1,2";
			};
			name = Debug;
		};
		2160EDFA2399F5BC002C9202 /* Release */ = {
			isa = XCBuildConfiguration;
			buildSettings = {
				ASSETCATALOG_COMPILER_APPICON_NAME = AppIcon;
				CODE_SIGN_STYLE = Automatic;
				DEVELOPMENT_TEAM = NP8854APR4;
				INFOPLIST_FILE = "Anime List/Info.plist";
				LD_RUNPATH_SEARCH_PATHS = (
					"$(inherited)",
					"@executable_path/Frameworks",
				);
				PRODUCT_BUNDLE_IDENTIFIER = "com.Aarontreinish.Anime-List";
				PRODUCT_NAME = "$(TARGET_NAME)";
				SWIFT_VERSION = 5.0;
				TARGETED_DEVICE_FAMILY = "1,2";
			};
			name = Release;
		};
/* End XCBuildConfiguration section */

/* Begin XCConfigurationList section */
		2160EDDF2399F5B8002C9202 /* Build configuration list for PBXProject "Anime List" */ = {
			isa = XCConfigurationList;
			buildConfigurations = (
				2160EDF62399F5BC002C9202 /* Debug */,
				2160EDF72399F5BC002C9202 /* Release */,
			);
			defaultConfigurationIsVisible = 0;
			defaultConfigurationName = Release;
		};
		2160EDF82399F5BC002C9202 /* Build configuration list for PBXNativeTarget "Anime List" */ = {
			isa = XCConfigurationList;
			buildConfigurations = (
				2160EDF92399F5BC002C9202 /* Debug */,
				2160EDFA2399F5BC002C9202 /* Release */,
			);
			defaultConfigurationIsVisible = 0;
			defaultConfigurationName = Release;
		};
/* End XCConfigurationList section */
	};
	rootObject = 2160EDDC2399F5B8002C9202 /* Project object */;
}
