// !$*UTF8*$!
{
	archiveVersion = 1;
	classes = {
	};
	objectVersion = 51;
	objects = {

/* Begin PBXBuildFile section */
		2135379723B564D3005AE975 /* SearchViewController.swift in Sources */ = {isa = PBXBuildFile; fileRef = 2135379623B564D3005AE975 /* SearchViewController.swift */; };
		2135379923B564E5005AE975 /* SearchTableViewCell.swift in Sources */ = {isa = PBXBuildFile; fileRef = 2135379823B564E5005AE975 /* SearchTableViewCell.swift */; };
		21372DD0240DFC0D00D13247 /* GoogleService-Info.plist in Resources */ = {isa = PBXBuildFile; fileRef = 21372DCF240DFC0D00D13247 /* GoogleService-Info.plist */; };
		2137FD2523F33B5E00B984AB /* Published_Manga.swift in Sources */ = {isa = PBXBuildFile; fileRef = 2137FD2423F33B5E00B984AB /* Published_Manga.swift */; };
		2137FD2723F33BC300B984AB /* VoiceActorsManga.swift in Sources */ = {isa = PBXBuildFile; fileRef = 2137FD2623F33BC300B984AB /* VoiceActorsManga.swift */; };
		2140815E23D793D900319AA4 /* CharacterSearch.swift in Sources */ = {isa = PBXBuildFile; fileRef = 2140815D23D793D900319AA4 /* CharacterSearch.swift */; };
		2140816023D793E400319AA4 /* CharacterResults.swift in Sources */ = {isa = PBXBuildFile; fileRef = 2140815F23D793E400319AA4 /* CharacterResults.swift */; };
		2140816223D7942D00319AA4 /* CharacterAnime.swift in Sources */ = {isa = PBXBuildFile; fileRef = 2140816123D7942D00319AA4 /* CharacterAnime.swift */; };
		2140816423D79C2300319AA4 /* CharacterManga.swift in Sources */ = {isa = PBXBuildFile; fileRef = 2140816323D79C2300319AA4 /* CharacterManga.swift */; };
		2140816623D7A20300319AA4 /* CharacterDetailsViewController.swift in Sources */ = {isa = PBXBuildFile; fileRef = 2140816523D7A20300319AA4 /* CharacterDetailsViewController.swift */; };
		2140816A23D7AB7300319AA4 /* CharacterDetailsCollectionViewCell.swift in Sources */ = {isa = PBXBuildFile; fileRef = 2140816923D7AB7300319AA4 /* CharacterDetailsCollectionViewCell.swift */; };
		2140816D23D7AE2300319AA4 /* CharacterDetails.swift in Sources */ = {isa = PBXBuildFile; fileRef = 2140816C23D7AE2300319AA4 /* CharacterDetails.swift */; };
		2140816F23D7AE4B00319AA4 /* Mangaography.swift in Sources */ = {isa = PBXBuildFile; fileRef = 2140816E23D7AE4B00319AA4 /* Mangaography.swift */; };
		2140817123D7AE5500319AA4 /* Animeography.swift in Sources */ = {isa = PBXBuildFile; fileRef = 2140817023D7AE5500319AA4 /* Animeography.swift */; };
		21596DFB23CBF43F0003A77D /* Recommendations.swift in Sources */ = {isa = PBXBuildFile; fileRef = 21596DFA23CBF43F0003A77D /* Recommendations.swift */; };
		21596DFD23CBF4490003A77D /* Recommendations_results.swift in Sources */ = {isa = PBXBuildFile; fileRef = 21596DFC23CBF4490003A77D /* Recommendations_results.swift */; };
		21596E0023CBF5570003A77D /* Characters_staff.swift in Sources */ = {isa = PBXBuildFile; fileRef = 21596DFF23CBF5570003A77D /* Characters_staff.swift */; };
		21596E0223CBF5660003A77D /* Characters.swift in Sources */ = {isa = PBXBuildFile; fileRef = 21596E0123CBF5660003A77D /* Characters.swift */; };
		21596E0423CBF5730003A77D /* Voice_actors.swift in Sources */ = {isa = PBXBuildFile; fileRef = 21596E0323CBF5730003A77D /* Voice_actors.swift */; };
		21596E0623CBF5C00003A77D /* Staff.swift in Sources */ = {isa = PBXBuildFile; fileRef = 21596E0523CBF5C00003A77D /* Staff.swift */; };
		21596E0823CBFC480003A77D /* CharactersCollectionViewCell.swift in Sources */ = {isa = PBXBuildFile; fileRef = 21596E0723CBFC480003A77D /* CharactersCollectionViewCell.swift */; };
		21596E0A23CBFC5D0003A77D /* RecommendationsCollectionViewCell.swift in Sources */ = {isa = PBXBuildFile; fileRef = 21596E0923CBFC5D0003A77D /* RecommendationsCollectionViewCell.swift */; };
		215FB8D723F4F6E4003178AF /* MyListTableViewCell.swift in Sources */ = {isa = PBXBuildFile; fileRef = 215FB8D623F4F6E4003178AF /* MyListTableViewCell.swift */; };
		215FB8DA23F87CF6003178AF /* SavedManga+CoreDataClass.swift in Sources */ = {isa = PBXBuildFile; fileRef = 215FB8D823F87CF6003178AF /* SavedManga+CoreDataClass.swift */; };
		215FB8DB23F87CF6003178AF /* SavedManga+CoreDataProperties.swift in Sources */ = {isa = PBXBuildFile; fileRef = 215FB8D923F87CF6003178AF /* SavedManga+CoreDataProperties.swift */; };
		2160D4F523DB61200004EE80 /* AppearancesCollectionViewCell.swift in Sources */ = {isa = PBXBuildFile; fileRef = 2160D4F423DB61200004EE80 /* AppearancesCollectionViewCell.swift */; };
		2160D4F723DB613C0004EE80 /* VoiceActorsDetailsViewController.swift in Sources */ = {isa = PBXBuildFile; fileRef = 2160D4F623DB613C0004EE80 /* VoiceActorsDetailsViewController.swift */; };
		2160D4FA23DB629B0004EE80 /* VoiceActors.swift in Sources */ = {isa = PBXBuildFile; fileRef = 2160D4F923DB629B0004EE80 /* VoiceActors.swift */; };
		2160D4FC23DB62C30004EE80 /* Voice_Acting_Roles.swift in Sources */ = {isa = PBXBuildFile; fileRef = 2160D4FB23DB62C30004EE80 /* Voice_Acting_Roles.swift */; };
		2160D4FE23DB63250004EE80 /* VoiceActorsAnime.swift in Sources */ = {isa = PBXBuildFile; fileRef = 2160D4FD23DB63250004EE80 /* VoiceActorsAnime.swift */; };
		2160D50023DB63590004EE80 /* Anime_Staff_Positions.swift in Sources */ = {isa = PBXBuildFile; fileRef = 2160D4FF23DB63590004EE80 /* Anime_Staff_Positions.swift */; };
		2160D50223DB63810004EE80 /* VoiceActorsCharacters.swift in Sources */ = {isa = PBXBuildFile; fileRef = 2160D50123DB63810004EE80 /* VoiceActorsCharacters.swift */; };
		2160EDE82399F5B8002C9202 /* AppDelegate.swift in Sources */ = {isa = PBXBuildFile; fileRef = 2160EDE72399F5B8002C9202 /* AppDelegate.swift */; };
		2160EDEA2399F5B8002C9202 /* SceneDelegate.swift in Sources */ = {isa = PBXBuildFile; fileRef = 2160EDE92399F5B8002C9202 /* SceneDelegate.swift */; };
		2160EDEC2399F5B8002C9202 /* ViewController.swift in Sources */ = {isa = PBXBuildFile; fileRef = 2160EDEB2399F5B8002C9202 /* ViewController.swift */; };
		2160EDEF2399F5B8002C9202 /* Main.storyboard in Resources */ = {isa = PBXBuildFile; fileRef = 2160EDED2399F5B8002C9202 /* Main.storyboard */; };
		2160EDF12399F5BC002C9202 /* Assets.xcassets in Resources */ = {isa = PBXBuildFile; fileRef = 2160EDF02399F5BC002C9202 /* Assets.xcassets */; };
		2160EDF42399F5BC002C9202 /* LaunchScreen.storyboard in Resources */ = {isa = PBXBuildFile; fileRef = 2160EDF22399F5BC002C9202 /* LaunchScreen.storyboard */; };
		2160EE032399F6A6002C9202 /* JikanEndPoint.swift in Sources */ = {isa = PBXBuildFile; fileRef = 2160EE022399F6A6002C9202 /* JikanEndPoint.swift */; };
		2160EE052399F6B2002C9202 /* NetworkManager.swift in Sources */ = {isa = PBXBuildFile; fileRef = 2160EE042399F6B2002C9202 /* NetworkManager.swift */; };
		2160EE072399F6C8002C9202 /* EndPointType.swift in Sources */ = {isa = PBXBuildFile; fileRef = 2160EE062399F6C8002C9202 /* EndPointType.swift */; };
		2160EE092399F6D3002C9202 /* Router.swift in Sources */ = {isa = PBXBuildFile; fileRef = 2160EE082399F6D3002C9202 /* Router.swift */; };
		2160EE0B2399F6DF002C9202 /* HTTPMethod.swift in Sources */ = {isa = PBXBuildFile; fileRef = 2160EE0A2399F6DF002C9202 /* HTTPMethod.swift */; };
		2160EE0D2399F6ED002C9202 /* HTTPTask.swift in Sources */ = {isa = PBXBuildFile; fileRef = 2160EE0C2399F6ED002C9202 /* HTTPTask.swift */; };
		2160EE0F2399F6F6002C9202 /* NetworkLogger.swift in Sources */ = {isa = PBXBuildFile; fileRef = 2160EE0E2399F6F6002C9202 /* NetworkLogger.swift */; };
		2160EE112399F704002C9202 /* ParameterEncoding.swift in Sources */ = {isa = PBXBuildFile; fileRef = 2160EE102399F704002C9202 /* ParameterEncoding.swift */; };
		2160EE132399F711002C9202 /* URLParameterEncoding.swift in Sources */ = {isa = PBXBuildFile; fileRef = 2160EE122399F711002C9202 /* URLParameterEncoding.swift */; };
		2160EE152399F723002C9202 /* JSONParameterEncoder.swift in Sources */ = {isa = PBXBuildFile; fileRef = 2160EE142399F723002C9202 /* JSONParameterEncoder.swift */; };
		2160EE1A2399F763002C9202 /* Top.swift in Sources */ = {isa = PBXBuildFile; fileRef = 2160EE192399F763002C9202 /* Top.swift */; };
		2160EE1C2399F76E002C9202 /* TopResults.swift in Sources */ = {isa = PBXBuildFile; fileRef = 2160EE1B2399F76E002C9202 /* TopResults.swift */; };
		2160EE1E2399F77B002C9202 /* Searched.swift in Sources */ = {isa = PBXBuildFile; fileRef = 2160EE1D2399F77B002C9202 /* Searched.swift */; };
		2160EE202399F782002C9202 /* Results.swift in Sources */ = {isa = PBXBuildFile; fileRef = 2160EE1F2399F782002C9202 /* Results.swift */; };
		2160EE222399F792002C9202 /* Adaptation.swift in Sources */ = {isa = PBXBuildFile; fileRef = 2160EE212399F792002C9202 /* Adaptation.swift */; };
		2160EE242399F79A002C9202 /* Aired.swift in Sources */ = {isa = PBXBuildFile; fileRef = 2160EE232399F79A002C9202 /* Aired.swift */; };
		2160EE262399F7A3002C9202 /* From.swift in Sources */ = {isa = PBXBuildFile; fileRef = 2160EE252399F7A3002C9202 /* From.swift */; };
		2160EE282399F7AC002C9202 /* Genres.swift in Sources */ = {isa = PBXBuildFile; fileRef = 2160EE272399F7AC002C9202 /* Genres.swift */; };
		2160EE2A2399F7B4002C9202 /* Anime.swift in Sources */ = {isa = PBXBuildFile; fileRef = 2160EE292399F7B4002C9202 /* Anime.swift */; };
		2160EE2C2399F7BD002C9202 /* Licensors.swift in Sources */ = {isa = PBXBuildFile; fileRef = 2160EE2B2399F7BD002C9202 /* Licensors.swift */; };
		2160EE2E2399F7C7002C9202 /* Producers.swift in Sources */ = {isa = PBXBuildFile; fileRef = 2160EE2D2399F7C7002C9202 /* Producers.swift */; };
		2160EE302399F7D5002C9202 /* Prop.swift in Sources */ = {isa = PBXBuildFile; fileRef = 2160EE2F2399F7D5002C9202 /* Prop.swift */; };
		2160EE322399F7DF002C9202 /* Related.swift in Sources */ = {isa = PBXBuildFile; fileRef = 2160EE312399F7DF002C9202 /* Related.swift */; };
		2160EE342399F7E9002C9202 /* SideStory.swift in Sources */ = {isa = PBXBuildFile; fileRef = 2160EE332399F7E9002C9202 /* SideStory.swift */; };
		2160EE362399F7F6002C9202 /* Studios.swift in Sources */ = {isa = PBXBuildFile; fileRef = 2160EE352399F7F6002C9202 /* Studios.swift */; };
		2160EE382399F809002C9202 /* Summary.swift in Sources */ = {isa = PBXBuildFile; fileRef = 2160EE372399F809002C9202 /* Summary.swift */; };
		2160EE3A2399F811002C9202 /* To.swift in Sources */ = {isa = PBXBuildFile; fileRef = 2160EE392399F811002C9202 /* To.swift */; };
		2160EE3C2399FA55002C9202 /* ImagesExtension.swift in Sources */ = {isa = PBXBuildFile; fileRef = 2160EE3B2399FA55002C9202 /* ImagesExtension.swift */; };
		2160EE42239C1A67002C9202 /* HomeTableViewCell.swift in Sources */ = {isa = PBXBuildFile; fileRef = 2160EE41239C1A67002C9202 /* HomeTableViewCell.swift */; };
		2160EE48239C54DF002C9202 /* HomeCollectionViewCell.swift in Sources */ = {isa = PBXBuildFile; fileRef = 2160EE47239C54DF002C9202 /* HomeCollectionViewCell.swift */; };
		216662692508675C00D7A997 /* CloudKit.framework in Frameworks */ = {isa = PBXBuildFile; fileRef = 216662682508675C00D7A997 /* CloudKit.framework */; };
		21869829241158B400463187 /* Extensions.swift in Sources */ = {isa = PBXBuildFile; fileRef = 21869828241158B400463187 /* Extensions.swift */; };
		218A7A5E23ECB10900A6EC80 /* WebKit.framework in Frameworks */ = {isa = PBXBuildFile; fileRef = 218A7A5D23ECB10900A6EC80 /* WebKit.framework */; };
		21920B1023B1588000C9A3B9 /* ScheduleViewController.swift in Sources */ = {isa = PBXBuildFile; fileRef = 21920B0F23B1588000C9A3B9 /* ScheduleViewController.swift */; };
		2197FD1E23B159A30037C88B /* ScheduleTableViewCell.swift in Sources */ = {isa = PBXBuildFile; fileRef = 2197FD1D23B159A30037C88B /* ScheduleTableViewCell.swift */; };
		2197FD2323B15D100037C88B /* Schedule.swift in Sources */ = {isa = PBXBuildFile; fileRef = 2197FD2223B15D100037C88B /* Schedule.swift */; };
		2197FD2523B15D170037C88B /* Day.swift in Sources */ = {isa = PBXBuildFile; fileRef = 2197FD2423B15D170037C88B /* Day.swift */; };
		21C3D8C0239D52ED00C0CE55 /* Section.swift in Sources */ = {isa = PBXBuildFile; fileRef = 21C3D8BF239D52ED00C0CE55 /* Section.swift */; };
		21C8F5B62475B22500E85F37 /* PersonSearch.swift in Sources */ = {isa = PBXBuildFile; fileRef = 21C8F5B52475B22500E85F37 /* PersonSearch.swift */; };
		21D461E023F4678300E1F9B4 /* SavedList.xcdatamodeld in Sources */ = {isa = PBXBuildFile; fileRef = 21D461DE23F4678300E1F9B4 /* SavedList.xcdatamodeld */; };
		21D461E623F468F600E1F9B4 /* PersistanceManager.swift in Sources */ = {isa = PBXBuildFile; fileRef = 21D461E523F468F600E1F9B4 /* PersistanceManager.swift */; };
		21D4621023F46C9700E1F9B4 /* Anime+CoreDataClass.swift in Sources */ = {isa = PBXBuildFile; fileRef = 21D4620E23F46C9700E1F9B4 /* Anime+CoreDataClass.swift */; };
		21D4621123F46C9700E1F9B4 /* Anime+CoreDataProperties.swift in Sources */ = {isa = PBXBuildFile; fileRef = 21D4620F23F46C9700E1F9B4 /* Anime+CoreDataProperties.swift */; };
		21D4621323F4F3C400E1F9B4 /* MyListViewController.swift in Sources */ = {isa = PBXBuildFile; fileRef = 21D4621223F4F3C400E1F9B4 /* MyListViewController.swift */; };
		21E13A672472E91000D76E60 /* SeeAllViewController.swift in Sources */ = {isa = PBXBuildFile; fileRef = 21E13A662472E91000D76E60 /* SeeAllViewController.swift */; };
		21E13A692472E96F00D76E60 /* SeeAllTableViewCell.swift in Sources */ = {isa = PBXBuildFile; fileRef = 21E13A682472E96F00D76E60 /* SeeAllTableViewCell.swift */; };
		21E13A6C24730FA900D76E60 /* LoadingTableViewCell.swift in Sources */ = {isa = PBXBuildFile; fileRef = 21E13A6A24730FA900D76E60 /* LoadingTableViewCell.swift */; };
		21E13A6D24730FA900D76E60 /* LoadingTableViewCell.xib in Resources */ = {isa = PBXBuildFile; fileRef = 21E13A6B24730FA900D76E60 /* LoadingTableViewCell.xib */; };
		21E372F623DA013700447E4E /* DetailsViewController.swift in Sources */ = {isa = PBXBuildFile; fileRef = 21E372F523DA013700447E4E /* DetailsViewController.swift */; };
		21E372F823DA1C2000447E4E /* MangaDetailsViewController.swift in Sources */ = {isa = PBXBuildFile; fileRef = 21E372F723DA1C2000447E4E /* MangaDetailsViewController.swift */; };
		21EB4D2E23D2375100869419 /* MangaViewController.swift in Sources */ = {isa = PBXBuildFile; fileRef = 21EB4D2D23D2375100869419 /* MangaViewController.swift */; };
		21EB4D3023D2376A00869419 /* MangaTableViewCell.swift in Sources */ = {isa = PBXBuildFile; fileRef = 21EB4D2F23D2376A00869419 /* MangaTableViewCell.swift */; };
		21EB4D3223D2377B00869419 /* MangaCollectionViewCell.swift in Sources */ = {isa = PBXBuildFile; fileRef = 21EB4D3123D2377B00869419 /* MangaCollectionViewCell.swift */; };
		21EB4D3923D247DB00869419 /* Manga.swift in Sources */ = {isa = PBXBuildFile; fileRef = 21EB4D3823D247DB00869419 /* Manga.swift */; };
		21EB4D3B23D2480C00869419 /* Serializations.swift in Sources */ = {isa = PBXBuildFile; fileRef = 21EB4D3A23D2480C00869419 /* Serializations.swift */; };
		21EB4D3D23D2481A00869419 /* Alternative.swift in Sources */ = {isa = PBXBuildFile; fileRef = 21EB4D3C23D2481A00869419 /* Alternative.swift */; };
		21EB4D3F23D2485000869419 /* Published.swift in Sources */ = {isa = PBXBuildFile; fileRef = 21EB4D3E23D2485000869419 /* Published.swift */; };
		21EB4D4123D248C100869419 /* Authors.swift in Sources */ = {isa = PBXBuildFile; fileRef = 21EB4D4023D248C100869419 /* Authors.swift */; };
		21EB4D4323D24A8300869419 /* MangaCharacters.swift in Sources */ = {isa = PBXBuildFile; fileRef = 21EB4D4223D24A8300869419 /* MangaCharacters.swift */; };
		21F75BA32481635200505327 /* OnHoldAnime+CoreDataProperties.swift in Sources */ = {isa = PBXBuildFile; fileRef = 21F75B932481635200505327 /* OnHoldAnime+CoreDataProperties.swift */; };
		21F75BA42481635200505327 /* DroppedAnime+CoreDataClass.swift in Sources */ = {isa = PBXBuildFile; fileRef = 21F75B942481635200505327 /* DroppedAnime+CoreDataClass.swift */; };
		21F75BA52481635200505327 /* Watching+CoreDataProperties.swift in Sources */ = {isa = PBXBuildFile; fileRef = 21F75B952481635200505327 /* Watching+CoreDataProperties.swift */; };
		21F75BA62481635200505327 /* PlanToWatch+CoreDataProperties.swift in Sources */ = {isa = PBXBuildFile; fileRef = 21F75B962481635200505327 /* PlanToWatch+CoreDataProperties.swift */; };
		21F75BA72481635200505327 /* OnHoldManga+CoreDataProperties.swift in Sources */ = {isa = PBXBuildFile; fileRef = 21F75B972481635200505327 /* OnHoldManga+CoreDataProperties.swift */; };
		21F75BA82481635300505327 /* OnHoldAnime+CoreDataClass.swift in Sources */ = {isa = PBXBuildFile; fileRef = 21F75B982481635200505327 /* OnHoldAnime+CoreDataClass.swift */; };
		21F75BA92481635300505327 /* Watching+CoreDataClass.swift in Sources */ = {isa = PBXBuildFile; fileRef = 21F75B992481635200505327 /* Watching+CoreDataClass.swift */; };
		21F75BAA2481635300505327 /* PlanToRead+CoreDataClass.swift in Sources */ = {isa = PBXBuildFile; fileRef = 21F75B9A2481635200505327 /* PlanToRead+CoreDataClass.swift */; };
		21F75BAB2481635300505327 /* Reading+CoreDataClass.swift in Sources */ = {isa = PBXBuildFile; fileRef = 21F75B9B2481635200505327 /* Reading+CoreDataClass.swift */; };
		21F75BAC2481635300505327 /* PlanToWatch+CoreDataClass.swift in Sources */ = {isa = PBXBuildFile; fileRef = 21F75B9C2481635200505327 /* PlanToWatch+CoreDataClass.swift */; };
		21F75BAD2481635300505327 /* DroppedManga+CoreDataClass.swift in Sources */ = {isa = PBXBuildFile; fileRef = 21F75B9D2481635200505327 /* DroppedManga+CoreDataClass.swift */; };
		21F75BAE2481635300505327 /* DroppedAnime+CoreDataProperties.swift in Sources */ = {isa = PBXBuildFile; fileRef = 21F75B9E2481635200505327 /* DroppedAnime+CoreDataProperties.swift */; };
		21F75BAF2481635300505327 /* Reading+CoreDataProperties.swift in Sources */ = {isa = PBXBuildFile; fileRef = 21F75B9F2481635200505327 /* Reading+CoreDataProperties.swift */; };
		21F75BB02481635300505327 /* OnHoldManga+CoreDataClass.swift in Sources */ = {isa = PBXBuildFile; fileRef = 21F75BA02481635200505327 /* OnHoldManga+CoreDataClass.swift */; };
		21F75BB12481635300505327 /* DroppedManga+CoreDataProperties.swift in Sources */ = {isa = PBXBuildFile; fileRef = 21F75BA12481635200505327 /* DroppedManga+CoreDataProperties.swift */; };
		21F75BB22481635300505327 /* PlanToRead+CoreDataProperties.swift in Sources */ = {isa = PBXBuildFile; fileRef = 21F75BA22481635200505327 /* PlanToRead+CoreDataProperties.swift */; };
		21F75BB42485514E00505327 /* ReviewService.swift in Sources */ = {isa = PBXBuildFile; fileRef = 21F75BB32485514E00505327 /* ReviewService.swift */; };
		B28E686EEFBAB12E9E1AD5F9 /* Pods_Anime_List.framework in Frameworks */ = {isa = PBXBuildFile; fileRef = 9F08A441934523003CC8EAA0 /* Pods_Anime_List.framework */; };
/* End PBXBuildFile section */

/* Begin PBXFileReference section */
		029A6A598955A87BB0547215 /* Pods-Anime List.debug.xcconfig */ = {isa = PBXFileReference; includeInIndex = 1; lastKnownFileType = text.xcconfig; name = "Pods-Anime List.debug.xcconfig"; path = "Target Support Files/Pods-Anime List/Pods-Anime List.debug.xcconfig"; sourceTree = "<group>"; };
		1A351EBF5D57639438B39F8C /* Pods-Anime List.release.xcconfig */ = {isa = PBXFileReference; includeInIndex = 1; lastKnownFileType = text.xcconfig; name = "Pods-Anime List.release.xcconfig"; path = "Target Support Files/Pods-Anime List/Pods-Anime List.release.xcconfig"; sourceTree = "<group>"; };
		2135379623B564D3005AE975 /* SearchViewController.swift */ = {isa = PBXFileReference; lastKnownFileType = sourcecode.swift; path = SearchViewController.swift; sourceTree = "<group>"; };
		2135379823B564E5005AE975 /* SearchTableViewCell.swift */ = {isa = PBXFileReference; lastKnownFileType = sourcecode.swift; path = SearchTableViewCell.swift; sourceTree = "<group>"; };
		21372DCF240DFC0D00D13247 /* GoogleService-Info.plist */ = {isa = PBXFileReference; fileEncoding = 4; lastKnownFileType = text.plist.xml; path = "GoogleService-Info.plist"; sourceTree = "<group>"; };
		2137FD2423F33B5E00B984AB /* Published_Manga.swift */ = {isa = PBXFileReference; lastKnownFileType = sourcecode.swift; path = Published_Manga.swift; sourceTree = "<group>"; };
		2137FD2623F33BC300B984AB /* VoiceActorsManga.swift */ = {isa = PBXFileReference; lastKnownFileType = sourcecode.swift; path = VoiceActorsManga.swift; sourceTree = "<group>"; };
		2140815D23D793D900319AA4 /* CharacterSearch.swift */ = {isa = PBXFileReference; lastKnownFileType = sourcecode.swift; path = CharacterSearch.swift; sourceTree = "<group>"; };
		2140815F23D793E400319AA4 /* CharacterResults.swift */ = {isa = PBXFileReference; lastKnownFileType = sourcecode.swift; path = CharacterResults.swift; sourceTree = "<group>"; };
		2140816123D7942D00319AA4 /* CharacterAnime.swift */ = {isa = PBXFileReference; lastKnownFileType = sourcecode.swift; path = CharacterAnime.swift; sourceTree = "<group>"; };
		2140816323D79C2300319AA4 /* CharacterManga.swift */ = {isa = PBXFileReference; lastKnownFileType = sourcecode.swift; path = CharacterManga.swift; sourceTree = "<group>"; };
		2140816523D7A20300319AA4 /* CharacterDetailsViewController.swift */ = {isa = PBXFileReference; lastKnownFileType = sourcecode.swift; path = CharacterDetailsViewController.swift; sourceTree = "<group>"; };
		2140816923D7AB7300319AA4 /* CharacterDetailsCollectionViewCell.swift */ = {isa = PBXFileReference; lastKnownFileType = sourcecode.swift; path = CharacterDetailsCollectionViewCell.swift; sourceTree = "<group>"; };
		2140816C23D7AE2300319AA4 /* CharacterDetails.swift */ = {isa = PBXFileReference; lastKnownFileType = sourcecode.swift; path = CharacterDetails.swift; sourceTree = "<group>"; };
		2140816E23D7AE4B00319AA4 /* Mangaography.swift */ = {isa = PBXFileReference; lastKnownFileType = sourcecode.swift; path = Mangaography.swift; sourceTree = "<group>"; };
		2140817023D7AE5500319AA4 /* Animeography.swift */ = {isa = PBXFileReference; lastKnownFileType = sourcecode.swift; path = Animeography.swift; sourceTree = "<group>"; };
		21596DFA23CBF43F0003A77D /* Recommendations.swift */ = {isa = PBXFileReference; lastKnownFileType = sourcecode.swift; path = Recommendations.swift; sourceTree = "<group>"; };
		21596DFC23CBF4490003A77D /* Recommendations_results.swift */ = {isa = PBXFileReference; lastKnownFileType = sourcecode.swift; path = Recommendations_results.swift; sourceTree = "<group>"; };
		21596DFF23CBF5570003A77D /* Characters_staff.swift */ = {isa = PBXFileReference; lastKnownFileType = sourcecode.swift; path = Characters_staff.swift; sourceTree = "<group>"; };
		21596E0123CBF5660003A77D /* Characters.swift */ = {isa = PBXFileReference; lastKnownFileType = sourcecode.swift; path = Characters.swift; sourceTree = "<group>"; };
		21596E0323CBF5730003A77D /* Voice_actors.swift */ = {isa = PBXFileReference; lastKnownFileType = sourcecode.swift; path = Voice_actors.swift; sourceTree = "<group>"; };
		21596E0523CBF5C00003A77D /* Staff.swift */ = {isa = PBXFileReference; lastKnownFileType = sourcecode.swift; path = Staff.swift; sourceTree = "<group>"; };
		21596E0723CBFC480003A77D /* CharactersCollectionViewCell.swift */ = {isa = PBXFileReference; lastKnownFileType = sourcecode.swift; path = CharactersCollectionViewCell.swift; sourceTree = "<group>"; };
		21596E0923CBFC5D0003A77D /* RecommendationsCollectionViewCell.swift */ = {isa = PBXFileReference; lastKnownFileType = sourcecode.swift; path = RecommendationsCollectionViewCell.swift; sourceTree = "<group>"; };
		215FB8D623F4F6E4003178AF /* MyListTableViewCell.swift */ = {isa = PBXFileReference; lastKnownFileType = sourcecode.swift; path = MyListTableViewCell.swift; sourceTree = "<group>"; };
		215FB8D823F87CF6003178AF /* SavedManga+CoreDataClass.swift */ = {isa = PBXFileReference; lastKnownFileType = sourcecode.swift; path = "SavedManga+CoreDataClass.swift"; sourceTree = "<group>"; };
		215FB8D923F87CF6003178AF /* SavedManga+CoreDataProperties.swift */ = {isa = PBXFileReference; lastKnownFileType = sourcecode.swift; path = "SavedManga+CoreDataProperties.swift"; sourceTree = "<group>"; };
		2160D4F423DB61200004EE80 /* AppearancesCollectionViewCell.swift */ = {isa = PBXFileReference; lastKnownFileType = sourcecode.swift; path = AppearancesCollectionViewCell.swift; sourceTree = "<group>"; };
		2160D4F623DB613C0004EE80 /* VoiceActorsDetailsViewController.swift */ = {isa = PBXFileReference; lastKnownFileType = sourcecode.swift; path = VoiceActorsDetailsViewController.swift; sourceTree = "<group>"; };
		2160D4F923DB629B0004EE80 /* VoiceActors.swift */ = {isa = PBXFileReference; lastKnownFileType = sourcecode.swift; path = VoiceActors.swift; sourceTree = "<group>"; };
		2160D4FB23DB62C30004EE80 /* Voice_Acting_Roles.swift */ = {isa = PBXFileReference; lastKnownFileType = sourcecode.swift; path = Voice_Acting_Roles.swift; sourceTree = "<group>"; };
		2160D4FD23DB63250004EE80 /* VoiceActorsAnime.swift */ = {isa = PBXFileReference; lastKnownFileType = sourcecode.swift; path = VoiceActorsAnime.swift; sourceTree = "<group>"; };
		2160D4FF23DB63590004EE80 /* Anime_Staff_Positions.swift */ = {isa = PBXFileReference; lastKnownFileType = sourcecode.swift; path = Anime_Staff_Positions.swift; sourceTree = "<group>"; };
		2160D50123DB63810004EE80 /* VoiceActorsCharacters.swift */ = {isa = PBXFileReference; lastKnownFileType = sourcecode.swift; path = VoiceActorsCharacters.swift; sourceTree = "<group>"; };
		2160EDE42399F5B8002C9202 /* Anime Reference.app */ = {isa = PBXFileReference; explicitFileType = wrapper.application; includeInIndex = 0; path = "Anime Reference.app"; sourceTree = BUILT_PRODUCTS_DIR; };
		2160EDE72399F5B8002C9202 /* AppDelegate.swift */ = {isa = PBXFileReference; lastKnownFileType = sourcecode.swift; path = AppDelegate.swift; sourceTree = "<group>"; };
		2160EDE92399F5B8002C9202 /* SceneDelegate.swift */ = {isa = PBXFileReference; lastKnownFileType = sourcecode.swift; path = SceneDelegate.swift; sourceTree = "<group>"; };
		2160EDEB2399F5B8002C9202 /* ViewController.swift */ = {isa = PBXFileReference; lastKnownFileType = sourcecode.swift; path = ViewController.swift; sourceTree = "<group>"; };
		2160EDEE2399F5B8002C9202 /* Base */ = {isa = PBXFileReference; lastKnownFileType = file.storyboard; name = Base; path = Base.lproj/Main.storyboard; sourceTree = "<group>"; };
		2160EDF02399F5BC002C9202 /* Assets.xcassets */ = {isa = PBXFileReference; lastKnownFileType = folder.assetcatalog; path = Assets.xcassets; sourceTree = "<group>"; };
		2160EDF32399F5BC002C9202 /* Base */ = {isa = PBXFileReference; lastKnownFileType = file.storyboard; name = Base; path = Base.lproj/LaunchScreen.storyboard; sourceTree = "<group>"; };
		2160EDF52399F5BC002C9202 /* Info.plist */ = {isa = PBXFileReference; lastKnownFileType = text.plist.xml; path = Info.plist; sourceTree = "<group>"; };
		2160EE022399F6A6002C9202 /* JikanEndPoint.swift */ = {isa = PBXFileReference; lastKnownFileType = sourcecode.swift; path = JikanEndPoint.swift; sourceTree = "<group>"; };
		2160EE042399F6B2002C9202 /* NetworkManager.swift */ = {isa = PBXFileReference; lastKnownFileType = sourcecode.swift; path = NetworkManager.swift; sourceTree = "<group>"; };
		2160EE062399F6C8002C9202 /* EndPointType.swift */ = {isa = PBXFileReference; lastKnownFileType = sourcecode.swift; path = EndPointType.swift; sourceTree = "<group>"; };
		2160EE082399F6D3002C9202 /* Router.swift */ = {isa = PBXFileReference; lastKnownFileType = sourcecode.swift; path = Router.swift; sourceTree = "<group>"; };
		2160EE0A2399F6DF002C9202 /* HTTPMethod.swift */ = {isa = PBXFileReference; lastKnownFileType = sourcecode.swift; path = HTTPMethod.swift; sourceTree = "<group>"; };
		2160EE0C2399F6ED002C9202 /* HTTPTask.swift */ = {isa = PBXFileReference; lastKnownFileType = sourcecode.swift; path = HTTPTask.swift; sourceTree = "<group>"; };
		2160EE0E2399F6F6002C9202 /* NetworkLogger.swift */ = {isa = PBXFileReference; lastKnownFileType = sourcecode.swift; path = NetworkLogger.swift; sourceTree = "<group>"; };
		2160EE102399F704002C9202 /* ParameterEncoding.swift */ = {isa = PBXFileReference; lastKnownFileType = sourcecode.swift; path = ParameterEncoding.swift; sourceTree = "<group>"; };
		2160EE122399F711002C9202 /* URLParameterEncoding.swift */ = {isa = PBXFileReference; lastKnownFileType = sourcecode.swift; path = URLParameterEncoding.swift; sourceTree = "<group>"; };
		2160EE142399F723002C9202 /* JSONParameterEncoder.swift */ = {isa = PBXFileReference; lastKnownFileType = sourcecode.swift; path = JSONParameterEncoder.swift; sourceTree = "<group>"; };
		2160EE192399F763002C9202 /* Top.swift */ = {isa = PBXFileReference; lastKnownFileType = sourcecode.swift; path = Top.swift; sourceTree = "<group>"; };
		2160EE1B2399F76E002C9202 /* TopResults.swift */ = {isa = PBXFileReference; lastKnownFileType = sourcecode.swift; path = TopResults.swift; sourceTree = "<group>"; };
		2160EE1D2399F77B002C9202 /* Searched.swift */ = {isa = PBXFileReference; lastKnownFileType = sourcecode.swift; path = Searched.swift; sourceTree = "<group>"; };
		2160EE1F2399F782002C9202 /* Results.swift */ = {isa = PBXFileReference; lastKnownFileType = sourcecode.swift; path = Results.swift; sourceTree = "<group>"; };
		2160EE212399F792002C9202 /* Adaptation.swift */ = {isa = PBXFileReference; lastKnownFileType = sourcecode.swift; path = Adaptation.swift; sourceTree = "<group>"; };
		2160EE232399F79A002C9202 /* Aired.swift */ = {isa = PBXFileReference; lastKnownFileType = sourcecode.swift; path = Aired.swift; sourceTree = "<group>"; };
		2160EE252399F7A3002C9202 /* From.swift */ = {isa = PBXFileReference; lastKnownFileType = sourcecode.swift; path = From.swift; sourceTree = "<group>"; };
		2160EE272399F7AC002C9202 /* Genres.swift */ = {isa = PBXFileReference; lastKnownFileType = sourcecode.swift; path = Genres.swift; sourceTree = "<group>"; };
		2160EE292399F7B4002C9202 /* Anime.swift */ = {isa = PBXFileReference; lastKnownFileType = sourcecode.swift; path = Anime.swift; sourceTree = "<group>"; };
		2160EE2B2399F7BD002C9202 /* Licensors.swift */ = {isa = PBXFileReference; lastKnownFileType = sourcecode.swift; path = Licensors.swift; sourceTree = "<group>"; };
		2160EE2D2399F7C7002C9202 /* Producers.swift */ = {isa = PBXFileReference; lastKnownFileType = sourcecode.swift; path = Producers.swift; sourceTree = "<group>"; };
		2160EE2F2399F7D5002C9202 /* Prop.swift */ = {isa = PBXFileReference; lastKnownFileType = sourcecode.swift; path = Prop.swift; sourceTree = "<group>"; };
		2160EE312399F7DF002C9202 /* Related.swift */ = {isa = PBXFileReference; lastKnownFileType = sourcecode.swift; path = Related.swift; sourceTree = "<group>"; };
		2160EE332399F7E9002C9202 /* SideStory.swift */ = {isa = PBXFileReference; lastKnownFileType = sourcecode.swift; path = SideStory.swift; sourceTree = "<group>"; };
		2160EE352399F7F6002C9202 /* Studios.swift */ = {isa = PBXFileReference; lastKnownFileType = sourcecode.swift; path = Studios.swift; sourceTree = "<group>"; };
		2160EE372399F809002C9202 /* Summary.swift */ = {isa = PBXFileReference; lastKnownFileType = sourcecode.swift; path = Summary.swift; sourceTree = "<group>"; };
		2160EE392399F811002C9202 /* To.swift */ = {isa = PBXFileReference; lastKnownFileType = sourcecode.swift; path = To.swift; sourceTree = "<group>"; };
		2160EE3B2399FA55002C9202 /* ImagesExtension.swift */ = {isa = PBXFileReference; lastKnownFileType = sourcecode.swift; path = ImagesExtension.swift; sourceTree = "<group>"; };
		2160EE41239C1A67002C9202 /* HomeTableViewCell.swift */ = {isa = PBXFileReference; lastKnownFileType = sourcecode.swift; path = HomeTableViewCell.swift; sourceTree = "<group>"; };
		2160EE47239C54DF002C9202 /* HomeCollectionViewCell.swift */ = {isa = PBXFileReference; lastKnownFileType = sourcecode.swift; path = HomeCollectionViewCell.swift; sourceTree = "<group>"; };
		216662672508675A00D7A997 /* Anime Reference.entitlements */ = {isa = PBXFileReference; lastKnownFileType = text.plist.entitlements; path = "Anime Reference.entitlements"; sourceTree = "<group>"; };
		216662682508675C00D7A997 /* CloudKit.framework */ = {isa = PBXFileReference; lastKnownFileType = wrapper.framework; name = CloudKit.framework; path = System/Library/Frameworks/CloudKit.framework; sourceTree = SDKROOT; };
		21869828241158B400463187 /* Extensions.swift */ = {isa = PBXFileReference; lastKnownFileType = sourcecode.swift; path = Extensions.swift; sourceTree = "<group>"; };
		218A7A5D23ECB10900A6EC80 /* WebKit.framework */ = {isa = PBXFileReference; lastKnownFileType = wrapper.framework; name = WebKit.framework; path = System/Library/Frameworks/WebKit.framework; sourceTree = SDKROOT; };
		21920B0F23B1588000C9A3B9 /* ScheduleViewController.swift */ = {isa = PBXFileReference; lastKnownFileType = sourcecode.swift; path = ScheduleViewController.swift; sourceTree = "<group>"; };
		2197FD1D23B159A30037C88B /* ScheduleTableViewCell.swift */ = {isa = PBXFileReference; lastKnownFileType = sourcecode.swift; path = ScheduleTableViewCell.swift; sourceTree = "<group>"; };
		2197FD2223B15D100037C88B /* Schedule.swift */ = {isa = PBXFileReference; lastKnownFileType = sourcecode.swift; path = Schedule.swift; sourceTree = "<group>"; };
		2197FD2423B15D170037C88B /* Day.swift */ = {isa = PBXFileReference; lastKnownFileType = sourcecode.swift; path = Day.swift; sourceTree = "<group>"; };
		21C3D8BF239D52ED00C0CE55 /* Section.swift */ = {isa = PBXFileReference; lastKnownFileType = sourcecode.swift; path = Section.swift; sourceTree = "<group>"; };
		21C8F5B52475B22500E85F37 /* PersonSearch.swift */ = {isa = PBXFileReference; lastKnownFileType = sourcecode.swift; path = PersonSearch.swift; sourceTree = "<group>"; };
		21D461DF23F4678300E1F9B4 /* SavedList.xcdatamodel */ = {isa = PBXFileReference; lastKnownFileType = wrapper.xcdatamodel; path = SavedList.xcdatamodel; sourceTree = "<group>"; };
		21D461E523F468F600E1F9B4 /* PersistanceManager.swift */ = {isa = PBXFileReference; lastKnownFileType = sourcecode.swift; path = PersistanceManager.swift; sourceTree = "<group>"; };
		21D4620E23F46C9700E1F9B4 /* Anime+CoreDataClass.swift */ = {isa = PBXFileReference; lastKnownFileType = sourcecode.swift; name = "Anime+CoreDataClass.swift"; path = "Anime List/Core Data/Anime+CoreDataClass.swift"; sourceTree = SOURCE_ROOT; };
		21D4620F23F46C9700E1F9B4 /* Anime+CoreDataProperties.swift */ = {isa = PBXFileReference; lastKnownFileType = sourcecode.swift; name = "Anime+CoreDataProperties.swift"; path = "Anime List/Core Data/Anime+CoreDataProperties.swift"; sourceTree = SOURCE_ROOT; };
		21D4621223F4F3C400E1F9B4 /* MyListViewController.swift */ = {isa = PBXFileReference; lastKnownFileType = sourcecode.swift; path = MyListViewController.swift; sourceTree = "<group>"; };
		21E13A662472E91000D76E60 /* SeeAllViewController.swift */ = {isa = PBXFileReference; lastKnownFileType = sourcecode.swift; path = SeeAllViewController.swift; sourceTree = "<group>"; };
		21E13A682472E96F00D76E60 /* SeeAllTableViewCell.swift */ = {isa = PBXFileReference; lastKnownFileType = sourcecode.swift; path = SeeAllTableViewCell.swift; sourceTree = "<group>"; };
		21E13A6A24730FA900D76E60 /* LoadingTableViewCell.swift */ = {isa = PBXFileReference; lastKnownFileType = sourcecode.swift; path = LoadingTableViewCell.swift; sourceTree = "<group>"; };
		21E13A6B24730FA900D76E60 /* LoadingTableViewCell.xib */ = {isa = PBXFileReference; lastKnownFileType = file.xib; path = LoadingTableViewCell.xib; sourceTree = "<group>"; };
		21E372F523DA013700447E4E /* DetailsViewController.swift */ = {isa = PBXFileReference; lastKnownFileType = sourcecode.swift; path = DetailsViewController.swift; sourceTree = "<group>"; };
		21E372F723DA1C2000447E4E /* MangaDetailsViewController.swift */ = {isa = PBXFileReference; lastKnownFileType = sourcecode.swift; path = MangaDetailsViewController.swift; sourceTree = "<group>"; };
		21EB4D2D23D2375100869419 /* MangaViewController.swift */ = {isa = PBXFileReference; lastKnownFileType = sourcecode.swift; path = MangaViewController.swift; sourceTree = "<group>"; };
		21EB4D2F23D2376A00869419 /* MangaTableViewCell.swift */ = {isa = PBXFileReference; lastKnownFileType = sourcecode.swift; path = MangaTableViewCell.swift; sourceTree = "<group>"; };
		21EB4D3123D2377B00869419 /* MangaCollectionViewCell.swift */ = {isa = PBXFileReference; lastKnownFileType = sourcecode.swift; path = MangaCollectionViewCell.swift; sourceTree = "<group>"; };
		21EB4D3823D247DB00869419 /* Manga.swift */ = {isa = PBXFileReference; lastKnownFileType = sourcecode.swift; path = Manga.swift; sourceTree = "<group>"; };
		21EB4D3A23D2480C00869419 /* Serializations.swift */ = {isa = PBXFileReference; lastKnownFileType = sourcecode.swift; path = Serializations.swift; sourceTree = "<group>"; };
		21EB4D3C23D2481A00869419 /* Alternative.swift */ = {isa = PBXFileReference; lastKnownFileType = sourcecode.swift; path = Alternative.swift; sourceTree = "<group>"; };
		21EB4D3E23D2485000869419 /* Published.swift */ = {isa = PBXFileReference; lastKnownFileType = sourcecode.swift; path = Published.swift; sourceTree = "<group>"; };
		21EB4D4023D248C100869419 /* Authors.swift */ = {isa = PBXFileReference; lastKnownFileType = sourcecode.swift; path = Authors.swift; sourceTree = "<group>"; };
		21EB4D4223D24A8300869419 /* MangaCharacters.swift */ = {isa = PBXFileReference; lastKnownFileType = sourcecode.swift; path = MangaCharacters.swift; sourceTree = "<group>"; };
		21F75B932481635200505327 /* OnHoldAnime+CoreDataProperties.swift */ = {isa = PBXFileReference; fileEncoding = 4; lastKnownFileType = sourcecode.swift; path = "OnHoldAnime+CoreDataProperties.swift"; sourceTree = "<group>"; };
		21F75B942481635200505327 /* DroppedAnime+CoreDataClass.swift */ = {isa = PBXFileReference; fileEncoding = 4; lastKnownFileType = sourcecode.swift; path = "DroppedAnime+CoreDataClass.swift"; sourceTree = "<group>"; };
		21F75B952481635200505327 /* Watching+CoreDataProperties.swift */ = {isa = PBXFileReference; fileEncoding = 4; lastKnownFileType = sourcecode.swift; path = "Watching+CoreDataProperties.swift"; sourceTree = "<group>"; };
		21F75B962481635200505327 /* PlanToWatch+CoreDataProperties.swift */ = {isa = PBXFileReference; fileEncoding = 4; lastKnownFileType = sourcecode.swift; path = "PlanToWatch+CoreDataProperties.swift"; sourceTree = "<group>"; };
		21F75B972481635200505327 /* OnHoldManga+CoreDataProperties.swift */ = {isa = PBXFileReference; fileEncoding = 4; lastKnownFileType = sourcecode.swift; path = "OnHoldManga+CoreDataProperties.swift"; sourceTree = "<group>"; };
		21F75B982481635200505327 /* OnHoldAnime+CoreDataClass.swift */ = {isa = PBXFileReference; fileEncoding = 4; lastKnownFileType = sourcecode.swift; path = "OnHoldAnime+CoreDataClass.swift"; sourceTree = "<group>"; };
		21F75B992481635200505327 /* Watching+CoreDataClass.swift */ = {isa = PBXFileReference; fileEncoding = 4; lastKnownFileType = sourcecode.swift; path = "Watching+CoreDataClass.swift"; sourceTree = "<group>"; };
		21F75B9A2481635200505327 /* PlanToRead+CoreDataClass.swift */ = {isa = PBXFileReference; fileEncoding = 4; lastKnownFileType = sourcecode.swift; path = "PlanToRead+CoreDataClass.swift"; sourceTree = "<group>"; };
		21F75B9B2481635200505327 /* Reading+CoreDataClass.swift */ = {isa = PBXFileReference; fileEncoding = 4; lastKnownFileType = sourcecode.swift; path = "Reading+CoreDataClass.swift"; sourceTree = "<group>"; };
		21F75B9C2481635200505327 /* PlanToWatch+CoreDataClass.swift */ = {isa = PBXFileReference; fileEncoding = 4; lastKnownFileType = sourcecode.swift; path = "PlanToWatch+CoreDataClass.swift"; sourceTree = "<group>"; };
		21F75B9D2481635200505327 /* DroppedManga+CoreDataClass.swift */ = {isa = PBXFileReference; fileEncoding = 4; lastKnownFileType = sourcecode.swift; path = "DroppedManga+CoreDataClass.swift"; sourceTree = "<group>"; };
		21F75B9E2481635200505327 /* DroppedAnime+CoreDataProperties.swift */ = {isa = PBXFileReference; fileEncoding = 4; lastKnownFileType = sourcecode.swift; path = "DroppedAnime+CoreDataProperties.swift"; sourceTree = "<group>"; };
		21F75B9F2481635200505327 /* Reading+CoreDataProperties.swift */ = {isa = PBXFileReference; fileEncoding = 4; lastKnownFileType = sourcecode.swift; path = "Reading+CoreDataProperties.swift"; sourceTree = "<group>"; };
		21F75BA02481635200505327 /* OnHoldManga+CoreDataClass.swift */ = {isa = PBXFileReference; fileEncoding = 4; lastKnownFileType = sourcecode.swift; path = "OnHoldManga+CoreDataClass.swift"; sourceTree = "<group>"; };
		21F75BA12481635200505327 /* DroppedManga+CoreDataProperties.swift */ = {isa = PBXFileReference; fileEncoding = 4; lastKnownFileType = sourcecode.swift; path = "DroppedManga+CoreDataProperties.swift"; sourceTree = "<group>"; };
		21F75BA22481635200505327 /* PlanToRead+CoreDataProperties.swift */ = {isa = PBXFileReference; fileEncoding = 4; lastKnownFileType = sourcecode.swift; path = "PlanToRead+CoreDataProperties.swift"; sourceTree = "<group>"; };
		21F75BB32485514E00505327 /* ReviewService.swift */ = {isa = PBXFileReference; lastKnownFileType = sourcecode.swift; path = ReviewService.swift; sourceTree = "<group>"; };
		9F08A441934523003CC8EAA0 /* Pods_Anime_List.framework */ = {isa = PBXFileReference; explicitFileType = wrapper.framework; includeInIndex = 0; path = Pods_Anime_List.framework; sourceTree = BUILT_PRODUCTS_DIR; };
/* End PBXFileReference section */

/* Begin PBXFrameworksBuildPhase section */
		2160EDE12399F5B8002C9202 /* Frameworks */ = {
			isa = PBXFrameworksBuildPhase;
			buildActionMask = 2147483647;
			files = (
				216662692508675C00D7A997 /* CloudKit.framework in Frameworks */,
				218A7A5E23ECB10900A6EC80 /* WebKit.framework in Frameworks */,
				B28E686EEFBAB12E9E1AD5F9 /* Pods_Anime_List.framework in Frameworks */,
			);
			runOnlyForDeploymentPostprocessing = 0;
		};
/* End PBXFrameworksBuildPhase section */

/* Begin PBXGroup section */
		2140816B23D7ACB300319AA4 /* Character */ = {
			isa = PBXGroup;
			children = (
				2140816C23D7AE2300319AA4 /* CharacterDetails.swift */,
				2140816E23D7AE4B00319AA4 /* Mangaography.swift */,
				2140817023D7AE5500319AA4 /* Animeography.swift */,
			);
			path = Character;
			sourceTree = "<group>";
		};
		2141CC75243AB4CE00008E40 /* Store Review */ = {
			isa = PBXGroup;
			children = (
				21F75BB32485514E00505327 /* ReviewService.swift */,
			);
			path = "Store Review";
			sourceTree = "<group>";
		};
		21596DF923CBF42C0003A77D /* Recommendations */ = {
			isa = PBXGroup;
			children = (
				21596DFA23CBF43F0003A77D /* Recommendations.swift */,
				21596DFC23CBF4490003A77D /* Recommendations_results.swift */,
			);
			path = Recommendations;
			sourceTree = "<group>";
		};
		21596DFE23CBF5140003A77D /* Characters_Staff */ = {
			isa = PBXGroup;
			children = (
				21596DFF23CBF5570003A77D /* Characters_staff.swift */,
				21596E0123CBF5660003A77D /* Characters.swift */,
				21596E0323CBF5730003A77D /* Voice_actors.swift */,
				21596E0523CBF5C00003A77D /* Staff.swift */,
			);
			path = Characters_Staff;
			sourceTree = "<group>";
		};
		215FB8DC23F87D07003178AF /* Core Data */ = {
			isa = PBXGroup;
			children = (
				21F75B942481635200505327 /* DroppedAnime+CoreDataClass.swift */,
				21F75B9E2481635200505327 /* DroppedAnime+CoreDataProperties.swift */,
				21F75B9D2481635200505327 /* DroppedManga+CoreDataClass.swift */,
				21F75BA12481635200505327 /* DroppedManga+CoreDataProperties.swift */,
				21F75B982481635200505327 /* OnHoldAnime+CoreDataClass.swift */,
				21F75B932481635200505327 /* OnHoldAnime+CoreDataProperties.swift */,
				21F75BA02481635200505327 /* OnHoldManga+CoreDataClass.swift */,
				21F75B972481635200505327 /* OnHoldManga+CoreDataProperties.swift */,
				21F75B9A2481635200505327 /* PlanToRead+CoreDataClass.swift */,
				21F75BA22481635200505327 /* PlanToRead+CoreDataProperties.swift */,
				21F75B9C2481635200505327 /* PlanToWatch+CoreDataClass.swift */,
				21F75B962481635200505327 /* PlanToWatch+CoreDataProperties.swift */,
				21F75B9B2481635200505327 /* Reading+CoreDataClass.swift */,
				21F75B9F2481635200505327 /* Reading+CoreDataProperties.swift */,
				21F75B992481635200505327 /* Watching+CoreDataClass.swift */,
				21F75B952481635200505327 /* Watching+CoreDataProperties.swift */,
				21D4620E23F46C9700E1F9B4 /* Anime+CoreDataClass.swift */,
				21D4620F23F46C9700E1F9B4 /* Anime+CoreDataProperties.swift */,
				215FB8D823F87CF6003178AF /* SavedManga+CoreDataClass.swift */,
				215FB8D923F87CF6003178AF /* SavedManga+CoreDataProperties.swift */,
				21D461DE23F4678300E1F9B4 /* SavedList.xcdatamodeld */,
				21D461E523F468F600E1F9B4 /* PersistanceManager.swift */,
			);
			path = "Core Data";
			sourceTree = "<group>";
		};
		2160D4F823DB628F0004EE80 /* VoiceActors */ = {
			isa = PBXGroup;
			children = (
				2160D4F923DB629B0004EE80 /* VoiceActors.swift */,
				2160D4FB23DB62C30004EE80 /* Voice_Acting_Roles.swift */,
				2160D4FD23DB63250004EE80 /* VoiceActorsAnime.swift */,
				2160D4FF23DB63590004EE80 /* Anime_Staff_Positions.swift */,
				2160D50123DB63810004EE80 /* VoiceActorsCharacters.swift */,
				2137FD2423F33B5E00B984AB /* Published_Manga.swift */,
				2137FD2623F33BC300B984AB /* VoiceActorsManga.swift */,
			);
			path = VoiceActors;
			sourceTree = "<group>";
		};
		2160EDDB2399F5B8002C9202 = {
			isa = PBXGroup;
			children = (
				2160EDE62399F5B8002C9202 /* Anime List */,
				2160EDE52399F5B8002C9202 /* Products */,
				218A7A5C23ECB10900A6EC80 /* Frameworks */,
				FDB0DC0934EEC6B2ED8726B1 /* Pods */,
			);
			sourceTree = "<group>";
		};
		2160EDE52399F5B8002C9202 /* Products */ = {
			isa = PBXGroup;
			children = (
				2160EDE42399F5B8002C9202 /* Anime Reference.app */,
			);
			name = Products;
			sourceTree = "<group>";
		};
		2160EDE62399F5B8002C9202 /* Anime List */ = {
			isa = PBXGroup;
			children = (
				216662672508675A00D7A997 /* Anime Reference.entitlements */,
				215FB8DC23F87D07003178AF /* Core Data */,
				2141CC75243AB4CE00008E40 /* Store Review */,
				21C3D8BE239D52D400C0CE55 /* Enums */,
				2160EDFD2399F64A002C9202 /* Extensions */,
				2160EDFC2399F63F002C9202 /* Model */,
				2160EDFB2399F631002C9202 /* Networking */,
				2160EDE72399F5B8002C9202 /* AppDelegate.swift */,
				2160EDE92399F5B8002C9202 /* SceneDelegate.swift */,
				2197FD2023B159B70037C88B /* ViewController */,
				2197FD1F23B159AD0037C88B /* Views */,
				2160EDED2399F5B8002C9202 /* Main.storyboard */,
				21E13A6B24730FA900D76E60 /* LoadingTableViewCell.xib */,
				2160EDF02399F5BC002C9202 /* Assets.xcassets */,
				2160EDF22399F5BC002C9202 /* LaunchScreen.storyboard */,
				2160EDF52399F5BC002C9202 /* Info.plist */,
				21372DCF240DFC0D00D13247 /* GoogleService-Info.plist */,
			);
			path = "Anime List";
			sourceTree = "<group>";
		};
		2160EDFB2399F631002C9202 /* Networking */ = {
			isa = PBXGroup;
			children = (
				2160EE012399F693002C9202 /* Encoding */,
				2160EE002399F68C002C9202 /* Service */,
				2160EDFF2399F684002C9202 /* Manager */,
				2160EDFE2399F67C002C9202 /* EndPoint */,
			);
			path = Networking;
			sourceTree = "<group>";
		};
		2160EDFC2399F63F002C9202 /* Model */ = {
			isa = PBXGroup;
			children = (
				2160D4F823DB628F0004EE80 /* VoiceActors */,
				2140816B23D7ACB300319AA4 /* Character */,
				21EB4D3723D247B900869419 /* Manga */,
				21596DFE23CBF5140003A77D /* Characters_Staff */,
				21596DF923CBF42C0003A77D /* Recommendations */,
				2197FD2123B15D030037C88B /* Schedule */,
				2160EE182399F752002C9202 /* Anime */,
				2160EE172399F74C002C9202 /* Searched */,
				2160EE162399F73A002C9202 /* Top */,
			);
			path = Model;
			sourceTree = "<group>";
		};
		2160EDFD2399F64A002C9202 /* Extensions */ = {
			isa = PBXGroup;
			children = (
				2160EE3B2399FA55002C9202 /* ImagesExtension.swift */,
				21869828241158B400463187 /* Extensions.swift */,
			);
			path = Extensions;
			sourceTree = "<group>";
		};
		2160EDFE2399F67C002C9202 /* EndPoint */ = {
			isa = PBXGroup;
			children = (
				2160EE022399F6A6002C9202 /* JikanEndPoint.swift */,
			);
			path = EndPoint;
			sourceTree = "<group>";
		};
		2160EDFF2399F684002C9202 /* Manager */ = {
			isa = PBXGroup;
			children = (
				2160EE042399F6B2002C9202 /* NetworkManager.swift */,
			);
			path = Manager;
			sourceTree = "<group>";
		};
		2160EE002399F68C002C9202 /* Service */ = {
			isa = PBXGroup;
			children = (
				2160EE062399F6C8002C9202 /* EndPointType.swift */,
				2160EE082399F6D3002C9202 /* Router.swift */,
				2160EE0A2399F6DF002C9202 /* HTTPMethod.swift */,
				2160EE0C2399F6ED002C9202 /* HTTPTask.swift */,
				2160EE0E2399F6F6002C9202 /* NetworkLogger.swift */,
			);
			path = Service;
			sourceTree = "<group>";
		};
		2160EE012399F693002C9202 /* Encoding */ = {
			isa = PBXGroup;
			children = (
				2160EE102399F704002C9202 /* ParameterEncoding.swift */,
				2160EE122399F711002C9202 /* URLParameterEncoding.swift */,
				2160EE142399F723002C9202 /* JSONParameterEncoder.swift */,
			);
			path = Encoding;
			sourceTree = "<group>";
		};
		2160EE162399F73A002C9202 /* Top */ = {
			isa = PBXGroup;
			children = (
				2160EE192399F763002C9202 /* Top.swift */,
				2160EE1B2399F76E002C9202 /* TopResults.swift */,
			);
			path = Top;
			sourceTree = "<group>";
		};
		2160EE172399F74C002C9202 /* Searched */ = {
			isa = PBXGroup;
			children = (
				2160EE1D2399F77B002C9202 /* Searched.swift */,
				2160EE1F2399F782002C9202 /* Results.swift */,
				2140815D23D793D900319AA4 /* CharacterSearch.swift */,
				2140815F23D793E400319AA4 /* CharacterResults.swift */,
				2140816123D7942D00319AA4 /* CharacterAnime.swift */,
				2140816323D79C2300319AA4 /* CharacterManga.swift */,
				21C8F5B52475B22500E85F37 /* PersonSearch.swift */,
			);
			path = Searched;
			sourceTree = "<group>";
		};
		2160EE182399F752002C9202 /* Anime */ = {
			isa = PBXGroup;
			children = (
				2160EE212399F792002C9202 /* Adaptation.swift */,
				2160EE232399F79A002C9202 /* Aired.swift */,
				2160EE292399F7B4002C9202 /* Anime.swift */,
				2160EE252399F7A3002C9202 /* From.swift */,
				2160EE272399F7AC002C9202 /* Genres.swift */,
				2160EE2B2399F7BD002C9202 /* Licensors.swift */,
				2160EE2D2399F7C7002C9202 /* Producers.swift */,
				2160EE2F2399F7D5002C9202 /* Prop.swift */,
				2160EE312399F7DF002C9202 /* Related.swift */,
				2160EE332399F7E9002C9202 /* SideStory.swift */,
				2160EE352399F7F6002C9202 /* Studios.swift */,
				2160EE372399F809002C9202 /* Summary.swift */,
				2160EE392399F811002C9202 /* To.swift */,
			);
			path = Anime;
			sourceTree = "<group>";
		};
		218A7A5C23ECB10900A6EC80 /* Frameworks */ = {
			isa = PBXGroup;
			children = (
				216662682508675C00D7A997 /* CloudKit.framework */,
				218A7A5D23ECB10900A6EC80 /* WebKit.framework */,
				9F08A441934523003CC8EAA0 /* Pods_Anime_List.framework */,
			);
			name = Frameworks;
			sourceTree = "<group>";
		};
		2197FD1F23B159AD0037C88B /* Views */ = {
			isa = PBXGroup;
			children = (
				2160EE41239C1A67002C9202 /* HomeTableViewCell.swift */,
				2160EE47239C54DF002C9202 /* HomeCollectionViewCell.swift */,
				2197FD1D23B159A30037C88B /* ScheduleTableViewCell.swift */,
				2135379823B564E5005AE975 /* SearchTableViewCell.swift */,
				21596E0723CBFC480003A77D /* CharactersCollectionViewCell.swift */,
				21596E0923CBFC5D0003A77D /* RecommendationsCollectionViewCell.swift */,
				21EB4D2F23D2376A00869419 /* MangaTableViewCell.swift */,
				21EB4D3123D2377B00869419 /* MangaCollectionViewCell.swift */,
				2140816923D7AB7300319AA4 /* CharacterDetailsCollectionViewCell.swift */,
				2160D4F423DB61200004EE80 /* AppearancesCollectionViewCell.swift */,
				215FB8D623F4F6E4003178AF /* MyListTableViewCell.swift */,
				21E13A682472E96F00D76E60 /* SeeAllTableViewCell.swift */,
				21E13A6A24730FA900D76E60 /* LoadingTableViewCell.swift */,
			);
			path = Views;
			sourceTree = "<group>";
		};
		2197FD2023B159B70037C88B /* ViewController */ = {
			isa = PBXGroup;
			children = (
				2160EDEB2399F5B8002C9202 /* ViewController.swift */,
				21920B0F23B1588000C9A3B9 /* ScheduleViewController.swift */,
				2135379623B564D3005AE975 /* SearchViewController.swift */,
				21EB4D2D23D2375100869419 /* MangaViewController.swift */,
				2140816523D7A20300319AA4 /* CharacterDetailsViewController.swift */,
				21E372F523DA013700447E4E /* DetailsViewController.swift */,
				21E372F723DA1C2000447E4E /* MangaDetailsViewController.swift */,
				2160D4F623DB613C0004EE80 /* VoiceActorsDetailsViewController.swift */,
				21D4621223F4F3C400E1F9B4 /* MyListViewController.swift */,
				21E13A662472E91000D76E60 /* SeeAllViewController.swift */,
			);
			path = ViewController;
			sourceTree = "<group>";
		};
		2197FD2123B15D030037C88B /* Schedule */ = {
			isa = PBXGroup;
			children = (
				2197FD2223B15D100037C88B /* Schedule.swift */,
				2197FD2423B15D170037C88B /* Day.swift */,
			);
			path = Schedule;
			sourceTree = "<group>";
		};
		21C3D8BE239D52D400C0CE55 /* Enums */ = {
			isa = PBXGroup;
			children = (
				21C3D8BF239D52ED00C0CE55 /* Section.swift */,
			);
			path = Enums;
			sourceTree = "<group>";
		};
		21EB4D3723D247B900869419 /* Manga */ = {
			isa = PBXGroup;
			children = (
				21EB4D3823D247DB00869419 /* Manga.swift */,
				21EB4D3A23D2480C00869419 /* Serializations.swift */,
				21EB4D3C23D2481A00869419 /* Alternative.swift */,
				21EB4D3E23D2485000869419 /* Published.swift */,
				21EB4D4023D248C100869419 /* Authors.swift */,
				21EB4D4223D24A8300869419 /* MangaCharacters.swift */,
			);
			path = Manga;
			sourceTree = "<group>";
		};
		FDB0DC0934EEC6B2ED8726B1 /* Pods */ = {
			isa = PBXGroup;
			children = (
				029A6A598955A87BB0547215 /* Pods-Anime List.debug.xcconfig */,
				1A351EBF5D57639438B39F8C /* Pods-Anime List.release.xcconfig */,
			);
			path = Pods;
			sourceTree = "<group>";
		};
/* End PBXGroup section */

/* Begin PBXNativeTarget section */
		2160EDE32399F5B8002C9202 /* Anime List */ = {
			isa = PBXNativeTarget;
			buildConfigurationList = 2160EDF82399F5BC002C9202 /* Build configuration list for PBXNativeTarget "Anime List" */;
			buildPhases = (
				AB8667C35E63F49AFCC5D80F /* [CP] Check Pods Manifest.lock */,
				2160EDE02399F5B8002C9202 /* Sources */,
				2160EDE12399F5B8002C9202 /* Frameworks */,
				2160EDE22399F5B8002C9202 /* Resources */,
				FB48CE4448831470F653847B /* [CP] Embed Pods Frameworks */,
				21CB3F6E2518EFCC0063E46A /* ShellScript */,
			);
			buildRules = (
			);
			dependencies = (
			);
			name = "Anime List";
			productName = "Anime List";
			productReference = 2160EDE42399F5B8002C9202 /* Anime Reference.app */;
			productType = "com.apple.product-type.application";
		};
/* End PBXNativeTarget section */

/* Begin PBXProject section */
		2160EDDC2399F5B8002C9202 /* Project object */ = {
			isa = PBXProject;
			attributes = {
				LastSwiftUpdateCheck = 1110;
				LastUpgradeCheck = 1110;
				ORGANIZATIONNAME = "Aaron Treinish";
				TargetAttributes = {
					2160EDE32399F5B8002C9202 = {
						CreatedOnToolsVersion = 11.1;
					};
				};
			};
			buildConfigurationList = 2160EDDF2399F5B8002C9202 /* Build configuration list for PBXProject "Anime List" */;
			compatibilityVersion = "Xcode 9.3";
			developmentRegion = en;
			hasScannedForEncodings = 0;
			knownRegions = (
				en,
				Base,
			);
			mainGroup = 2160EDDB2399F5B8002C9202;
			productRefGroup = 2160EDE52399F5B8002C9202 /* Products */;
			projectDirPath = "";
			projectRoot = "";
			targets = (
				2160EDE32399F5B8002C9202 /* Anime List */,
			);
		};
/* End PBXProject section */

/* Begin PBXResourcesBuildPhase section */
		2160EDE22399F5B8002C9202 /* Resources */ = {
			isa = PBXResourcesBuildPhase;
			buildActionMask = 2147483647;
			files = (
				2160EDF42399F5BC002C9202 /* LaunchScreen.storyboard in Resources */,
				21E13A6D24730FA900D76E60 /* LoadingTableViewCell.xib in Resources */,
				2160EDF12399F5BC002C9202 /* Assets.xcassets in Resources */,
				21372DD0240DFC0D00D13247 /* GoogleService-Info.plist in Resources */,
				2160EDEF2399F5B8002C9202 /* Main.storyboard in Resources */,
			);
			runOnlyForDeploymentPostprocessing = 0;
		};
/* End PBXResourcesBuildPhase section */

/* Begin PBXShellScriptBuildPhase section */
		21CB3F6E2518EFCC0063E46A /* ShellScript */ = {
			isa = PBXShellScriptBuildPhase;
			buildActionMask = 2147483647;
			files = (
			);
			inputFileListPaths = (
			);
			inputPaths = (
			);
			outputFileListPaths = (
			);
			outputPaths = (
			);
			runOnlyForDeploymentPostprocessing = 0;
			shellPath = /bin/sh;
			shellScript = "\"${PODS_ROOT}/FirebaseCrashlytics/run\"\n";
		};
		AB8667C35E63F49AFCC5D80F /* [CP] Check Pods Manifest.lock */ = {
			isa = PBXShellScriptBuildPhase;
			buildActionMask = 2147483647;
			files = (
			);
			inputFileListPaths = (
			);
			inputPaths = (
				"${PODS_PODFILE_DIR_PATH}/Podfile.lock",
				"${PODS_ROOT}/Manifest.lock",
			);
			name = "[CP] Check Pods Manifest.lock";
			outputFileListPaths = (
			);
			outputPaths = (
				"$(DERIVED_FILE_DIR)/Pods-Anime List-checkManifestLockResult.txt",
			);
			runOnlyForDeploymentPostprocessing = 0;
			shellPath = /bin/sh;
			shellScript = "diff \"${PODS_PODFILE_DIR_PATH}/Podfile.lock\" \"${PODS_ROOT}/Manifest.lock\" > /dev/null\nif [ $? != 0 ] ; then\n    # print error to STDERR\n    echo \"error: The sandbox is not in sync with the Podfile.lock. Run 'pod install' or update your CocoaPods installation.\" >&2\n    exit 1\nfi\n# This output is used by Xcode 'outputs' to avoid re-running this script phase.\necho \"SUCCESS\" > \"${SCRIPT_OUTPUT_FILE_0}\"\n";
			showEnvVarsInLog = 0;
		};
		FB48CE4448831470F653847B /* [CP] Embed Pods Frameworks */ = {
			isa = PBXShellScriptBuildPhase;
			buildActionMask = 2147483647;
			files = (
			);
			inputFileListPaths = (
				"${PODS_ROOT}/Target Support Files/Pods-Anime List/Pods-Anime List-frameworks-${CONFIGURATION}-input-files.xcfilelist",
			);
			name = "[CP] Embed Pods Frameworks";
			outputFileListPaths = (
				"${PODS_ROOT}/Target Support Files/Pods-Anime List/Pods-Anime List-frameworks-${CONFIGURATION}-output-files.xcfilelist",
			);
			runOnlyForDeploymentPostprocessing = 0;
			shellPath = /bin/sh;
			shellScript = "\"${PODS_ROOT}/Target Support Files/Pods-Anime List/Pods-Anime List-frameworks.sh\"\n";
			showEnvVarsInLog = 0;
		};
/* End PBXShellScriptBuildPhase section */

/* Begin PBXSourcesBuildPhase section */
		2160EDE02399F5B8002C9202 /* Sources */ = {
			isa = PBXSourcesBuildPhase;
			buildActionMask = 2147483647;
			files = (
				2160EE302399F7D5002C9202 /* Prop.swift in Sources */,
				2160EE0F2399F6F6002C9202 /* NetworkLogger.swift in Sources */,
				21D4621023F46C9700E1F9B4 /* Anime+CoreDataClass.swift in Sources */,
				21E13A6C24730FA900D76E60 /* LoadingTableViewCell.swift in Sources */,
				21F75BB42485514E00505327 /* ReviewService.swift in Sources */,
				21596E0023CBF5570003A77D /* Characters_staff.swift in Sources */,
				21F75BA72481635200505327 /* OnHoldManga+CoreDataProperties.swift in Sources */,
				2197FD1E23B159A30037C88B /* ScheduleTableViewCell.swift in Sources */,
				21F75BB22481635300505327 /* PlanToRead+CoreDataProperties.swift in Sources */,
				21F75BAC2481635300505327 /* PlanToWatch+CoreDataClass.swift in Sources */,
				2160EE2E2399F7C7002C9202 /* Producers.swift in Sources */,
				21596E0423CBF5730003A77D /* Voice_actors.swift in Sources */,
				21869829241158B400463187 /* Extensions.swift in Sources */,
				21EB4D3223D2377B00869419 /* MangaCollectionViewCell.swift in Sources */,
				21D4621123F46C9700E1F9B4 /* Anime+CoreDataProperties.swift in Sources */,
				2160EE362399F7F6002C9202 /* Studios.swift in Sources */,
				21596E0823CBFC480003A77D /* CharactersCollectionViewCell.swift in Sources */,
				2160EE032399F6A6002C9202 /* JikanEndPoint.swift in Sources */,
				2140816D23D7AE2300319AA4 /* CharacterDetails.swift in Sources */,
				2160EE2C2399F7BD002C9202 /* Licensors.swift in Sources */,
				2140817123D7AE5500319AA4 /* Animeography.swift in Sources */,
				2160EDEC2399F5B8002C9202 /* ViewController.swift in Sources */,
				21EB4D3B23D2480C00869419 /* Serializations.swift in Sources */,
				2160EE072399F6C8002C9202 /* EndPointType.swift in Sources */,
				2160EE3A2399F811002C9202 /* To.swift in Sources */,
				2160D50223DB63810004EE80 /* VoiceActorsCharacters.swift in Sources */,
				2160EE1C2399F76E002C9202 /* TopResults.swift in Sources */,
				2160EE202399F782002C9202 /* Results.swift in Sources */,
				21D4621323F4F3C400E1F9B4 /* MyListViewController.swift in Sources */,
				21E13A672472E91000D76E60 /* SeeAllViewController.swift in Sources */,
				21920B1023B1588000C9A3B9 /* ScheduleViewController.swift in Sources */,
				21F75BAD2481635300505327 /* DroppedManga+CoreDataClass.swift in Sources */,
				2160EE152399F723002C9202 /* JSONParameterEncoder.swift in Sources */,
				21EB4D3F23D2485000869419 /* Published.swift in Sources */,
				2160EE132399F711002C9202 /* URLParameterEncoding.swift in Sources */,
				2160EE382399F809002C9202 /* Summary.swift in Sources */,
				2160EE3C2399FA55002C9202 /* ImagesExtension.swift in Sources */,
				2137FD2723F33BC300B984AB /* VoiceActorsManga.swift in Sources */,
				21F75BAA2481635300505327 /* PlanToRead+CoreDataClass.swift in Sources */,
				21E372F823DA1C2000447E4E /* MangaDetailsViewController.swift in Sources */,
				2160D4FC23DB62C30004EE80 /* Voice_Acting_Roles.swift in Sources */,
				21F75BAF2481635300505327 /* Reading+CoreDataProperties.swift in Sources */,
				21D461E623F468F600E1F9B4 /* PersistanceManager.swift in Sources */,
				21596DFD23CBF4490003A77D /* Recommendations_results.swift in Sources */,
				2197FD2523B15D170037C88B /* Day.swift in Sources */,
				2160EE0D2399F6ED002C9202 /* HTTPTask.swift in Sources */,
				215FB8D723F4F6E4003178AF /* MyListTableViewCell.swift in Sources */,
				21EB4D4323D24A8300869419 /* MangaCharacters.swift in Sources */,
				2140816A23D7AB7300319AA4 /* CharacterDetailsCollectionViewCell.swift in Sources */,
				21596DFB23CBF43F0003A77D /* Recommendations.swift in Sources */,
				2140815E23D793D900319AA4 /* CharacterSearch.swift in Sources */,
				21EB4D3923D247DB00869419 /* Manga.swift in Sources */,
				21F75BA62481635200505327 /* PlanToWatch+CoreDataProperties.swift in Sources */,
				2160EE342399F7E9002C9202 /* SideStory.swift in Sources */,
				21EB4D3023D2376A00869419 /* MangaTableViewCell.swift in Sources */,
				21F75BA52481635200505327 /* Watching+CoreDataProperties.swift in Sources */,
				21EB4D2E23D2375100869419 /* MangaViewController.swift in Sources */,
				21C3D8C0239D52ED00C0CE55 /* Section.swift in Sources */,
				2160EE282399F7AC002C9202 /* Genres.swift in Sources */,
				2160EE2A2399F7B4002C9202 /* Anime.swift in Sources */,
				2160D4FE23DB63250004EE80 /* VoiceActorsAnime.swift in Sources */,
				2160EE1E2399F77B002C9202 /* Searched.swift in Sources */,
				21F75BA82481635300505327 /* OnHoldAnime+CoreDataClass.swift in Sources */,
				2140816223D7942D00319AA4 /* CharacterAnime.swift in Sources */,
				2197FD2323B15D100037C88B /* Schedule.swift in Sources */,
				2140816F23D7AE4B00319AA4 /* Mangaography.swift in Sources */,
				21F75BA42481635200505327 /* DroppedAnime+CoreDataClass.swift in Sources */,
				21596E0223CBF5660003A77D /* Characters.swift in Sources */,
				2140816423D79C2300319AA4 /* CharacterManga.swift in Sources */,
				2160EE112399F704002C9202 /* ParameterEncoding.swift in Sources */,
				2135379923B564E5005AE975 /* SearchTableViewCell.swift in Sources */,
				2160EE092399F6D3002C9202 /* Router.swift in Sources */,
				2160EE222399F792002C9202 /* Adaptation.swift in Sources */,
				2135379723B564D3005AE975 /* SearchViewController.swift in Sources */,
				2160EE262399F7A3002C9202 /* From.swift in Sources */,
				2160EE322399F7DF002C9202 /* Related.swift in Sources */,
				2160EE0B2399F6DF002C9202 /* HTTPMethod.swift in Sources */,
				2160D4F723DB613C0004EE80 /* VoiceActorsDetailsViewController.swift in Sources */,
				21F75BB02481635300505327 /* OnHoldManga+CoreDataClass.swift in Sources */,
				215FB8DA23F87CF6003178AF /* SavedManga+CoreDataClass.swift in Sources */,
				21C8F5B62475B22500E85F37 /* PersonSearch.swift in Sources */,
				2160EE052399F6B2002C9202 /* NetworkManager.swift in Sources */,
				2160D50023DB63590004EE80 /* Anime_Staff_Positions.swift in Sources */,
				2160EDE82399F5B8002C9202 /* AppDelegate.swift in Sources */,
				2160D4F523DB61200004EE80 /* AppearancesCollectionViewCell.swift in Sources */,
				21F75BA92481635300505327 /* Watching+CoreDataClass.swift in Sources */,
				21D461E023F4678300E1F9B4 /* SavedList.xcdatamodeld in Sources */,
				21596E0623CBF5C00003A77D /* Staff.swift in Sources */,
				2160EE242399F79A002C9202 /* Aired.swift in Sources */,
				2140816023D793E400319AA4 /* CharacterResults.swift in Sources */,
				2160EDEA2399F5B8002C9202 /* SceneDelegate.swift in Sources */,
				21E372F623DA013700447E4E /* DetailsViewController.swift in Sources */,
				215FB8DB23F87CF6003178AF /* SavedManga+CoreDataProperties.swift in Sources */,
				2160EE42239C1A67002C9202 /* HomeTableViewCell.swift in Sources */,
				2140816623D7A20300319AA4 /* CharacterDetailsViewController.swift in Sources */,
				21EB4D3D23D2481A00869419 /* Alternative.swift in Sources */,
				21596E0A23CBFC5D0003A77D /* RecommendationsCollectionViewCell.swift in Sources */,
				2137FD2523F33B5E00B984AB /* Published_Manga.swift in Sources */,
				21F75BB12481635300505327 /* DroppedManga+CoreDataProperties.swift in Sources */,
				2160EE1A2399F763002C9202 /* Top.swift in Sources */,
				21F75BAB2481635300505327 /* Reading+CoreDataClass.swift in Sources */,
				21EB4D4123D248C100869419 /* Authors.swift in Sources */,
				21F75BAE2481635300505327 /* DroppedAnime+CoreDataProperties.swift in Sources */,
				2160D4FA23DB629B0004EE80 /* VoiceActors.swift in Sources */,
				2160EE48239C54DF002C9202 /* HomeCollectionViewCell.swift in Sources */,
				21F75BA32481635200505327 /* OnHoldAnime+CoreDataProperties.swift in Sources */,
				21E13A692472E96F00D76E60 /* SeeAllTableViewCell.swift in Sources */,
			);
			runOnlyForDeploymentPostprocessing = 0;
		};
/* End PBXSourcesBuildPhase section */

/* Begin PBXVariantGroup section */
		2160EDED2399F5B8002C9202 /* Main.storyboard */ = {
			isa = PBXVariantGroup;
			children = (
				2160EDEE2399F5B8002C9202 /* Base */,
			);
			name = Main.storyboard;
			sourceTree = "<group>";
		};
		2160EDF22399F5BC002C9202 /* LaunchScreen.storyboard */ = {
			isa = PBXVariantGroup;
			children = (
				2160EDF32399F5BC002C9202 /* Base */,
			);
			name = LaunchScreen.storyboard;
			sourceTree = "<group>";
		};
/* End PBXVariantGroup section */

/* Begin XCBuildConfiguration section */
		2160EDF62399F5BC002C9202 /* Debug */ = {
			isa = XCBuildConfiguration;
			buildSettings = {
				ALWAYS_SEARCH_USER_PATHS = NO;
				CLANG_ANALYZER_NONNULL = YES;
				CLANG_ANALYZER_NUMBER_OBJECT_CONVERSION = YES_AGGRESSIVE;
				CLANG_CXX_LANGUAGE_STANDARD = "gnu++14";
				CLANG_CXX_LIBRARY = "libc++";
				CLANG_ENABLE_MODULES = YES;
				CLANG_ENABLE_OBJC_ARC = YES;
				CLANG_ENABLE_OBJC_WEAK = YES;
				CLANG_WARN_BLOCK_CAPTURE_AUTORELEASING = YES;
				CLANG_WARN_BOOL_CONVERSION = YES;
				CLANG_WARN_COMMA = YES;
				CLANG_WARN_CONSTANT_CONVERSION = YES;
				CLANG_WARN_DEPRECATED_OBJC_IMPLEMENTATIONS = YES;
				CLANG_WARN_DIRECT_OBJC_ISA_USAGE = YES_ERROR;
				CLANG_WARN_DOCUMENTATION_COMMENTS = YES;
				CLANG_WARN_EMPTY_BODY = YES;
				CLANG_WARN_ENUM_CONVERSION = YES;
				CLANG_WARN_INFINITE_RECURSION = YES;
				CLANG_WARN_INT_CONVERSION = YES;
				CLANG_WARN_NON_LITERAL_NULL_CONVERSION = YES;
				CLANG_WARN_OBJC_IMPLICIT_RETAIN_SELF = YES;
				CLANG_WARN_OBJC_LITERAL_CONVERSION = YES;
				CLANG_WARN_OBJC_ROOT_CLASS = YES_ERROR;
				CLANG_WARN_RANGE_LOOP_ANALYSIS = YES;
				CLANG_WARN_STRICT_PROTOTYPES = YES;
				CLANG_WARN_SUSPICIOUS_MOVE = YES;
				CLANG_WARN_UNGUARDED_AVAILABILITY = YES_AGGRESSIVE;
				CLANG_WARN_UNREACHABLE_CODE = YES;
				CLANG_WARN__DUPLICATE_METHOD_MATCH = YES;
				COPY_PHASE_STRIP = NO;
				DEBUG_INFORMATION_FORMAT = dwarf;
				ENABLE_STRICT_OBJC_MSGSEND = YES;
				ENABLE_TESTABILITY = YES;
				GCC_C_LANGUAGE_STANDARD = gnu11;
				GCC_DYNAMIC_NO_PIC = NO;
				GCC_NO_COMMON_BLOCKS = YES;
				GCC_OPTIMIZATION_LEVEL = 0;
				GCC_PREPROCESSOR_DEFINITIONS = (
					"DEBUG=1",
					"$(inherited)",
				);
				GCC_WARN_64_TO_32_BIT_CONVERSION = YES;
				GCC_WARN_ABOUT_RETURN_TYPE = YES_ERROR;
				GCC_WARN_UNDECLARED_SELECTOR = YES;
				GCC_WARN_UNINITIALIZED_AUTOS = YES_AGGRESSIVE;
				GCC_WARN_UNUSED_FUNCTION = YES;
				GCC_WARN_UNUSED_VARIABLE = YES;
				IPHONEOS_DEPLOYMENT_TARGET = 13.1;
				MTL_ENABLE_DEBUG_INFO = INCLUDE_SOURCE;
				MTL_FAST_MATH = YES;
				ONLY_ACTIVE_ARCH = YES;
				SDKROOT = iphoneos;
				SWIFT_ACTIVE_COMPILATION_CONDITIONS = DEBUG;
				SWIFT_OPTIMIZATION_LEVEL = "-Onone";
			};
			name = Debug;
		};
		2160EDF72399F5BC002C9202 /* Release */ = {
			isa = XCBuildConfiguration;
			buildSettings = {
				ALWAYS_SEARCH_USER_PATHS = NO;
				CLANG_ANALYZER_NONNULL = YES;
				CLANG_ANALYZER_NUMBER_OBJECT_CONVERSION = YES_AGGRESSIVE;
				CLANG_CXX_LANGUAGE_STANDARD = "gnu++14";
				CLANG_CXX_LIBRARY = "libc++";
				CLANG_ENABLE_MODULES = YES;
				CLANG_ENABLE_OBJC_ARC = YES;
				CLANG_ENABLE_OBJC_WEAK = YES;
				CLANG_WARN_BLOCK_CAPTURE_AUTORELEASING = YES;
				CLANG_WARN_BOOL_CONVERSION = YES;
				CLANG_WARN_COMMA = YES;
				CLANG_WARN_CONSTANT_CONVERSION = YES;
				CLANG_WARN_DEPRECATED_OBJC_IMPLEMENTATIONS = YES;
				CLANG_WARN_DIRECT_OBJC_ISA_USAGE = YES_ERROR;
				CLANG_WARN_DOCUMENTATION_COMMENTS = YES;
				CLANG_WARN_EMPTY_BODY = YES;
				CLANG_WARN_ENUM_CONVERSION = YES;
				CLANG_WARN_INFINITE_RECURSION = YES;
				CLANG_WARN_INT_CONVERSION = YES;
				CLANG_WARN_NON_LITERAL_NULL_CONVERSION = YES;
				CLANG_WARN_OBJC_IMPLICIT_RETAIN_SELF = YES;
				CLANG_WARN_OBJC_LITERAL_CONVERSION = YES;
				CLANG_WARN_OBJC_ROOT_CLASS = YES_ERROR;
				CLANG_WARN_RANGE_LOOP_ANALYSIS = YES;
				CLANG_WARN_STRICT_PROTOTYPES = YES;
				CLANG_WARN_SUSPICIOUS_MOVE = YES;
				CLANG_WARN_UNGUARDED_AVAILABILITY = YES_AGGRESSIVE;
				CLANG_WARN_UNREACHABLE_CODE = YES;
				CLANG_WARN__DUPLICATE_METHOD_MATCH = YES;
				COPY_PHASE_STRIP = NO;
				DEBUG_INFORMATION_FORMAT = "dwarf-with-dsym";
				ENABLE_NS_ASSERTIONS = NO;
				ENABLE_STRICT_OBJC_MSGSEND = YES;
				GCC_C_LANGUAGE_STANDARD = gnu11;
				GCC_NO_COMMON_BLOCKS = YES;
				GCC_WARN_64_TO_32_BIT_CONVERSION = YES;
				GCC_WARN_ABOUT_RETURN_TYPE = YES_ERROR;
				GCC_WARN_UNDECLARED_SELECTOR = YES;
				GCC_WARN_UNINITIALIZED_AUTOS = YES_AGGRESSIVE;
				GCC_WARN_UNUSED_FUNCTION = YES;
				GCC_WARN_UNUSED_VARIABLE = YES;
				IPHONEOS_DEPLOYMENT_TARGET = 13.1;
				MTL_ENABLE_DEBUG_INFO = NO;
				MTL_FAST_MATH = YES;
				SDKROOT = iphoneos;
				SWIFT_COMPILATION_MODE = wholemodule;
				SWIFT_OPTIMIZATION_LEVEL = "-O";
				VALIDATE_PRODUCT = YES;
			};
			name = Release;
		};
		2160EDF92399F5BC002C9202 /* Debug */ = {
			isa = XCBuildConfiguration;
			baseConfigurationReference = 029A6A598955A87BB0547215 /* Pods-Anime List.debug.xcconfig */;
			buildSettings = {
				ASSETCATALOG_COMPILER_APPICON_NAME = AppIcon;
				BUILD_LIBRARY_FOR_DISTRIBUTION = YES;
				CODE_SIGN_ENTITLEMENTS = "Anime List/Anime Reference.entitlements";
				CODE_SIGN_STYLE = Automatic;
				CURRENT_PROJECT_VERSION = 1;
				DEBUG_INFORMATION_FORMAT = "dwarf-with-dsym";
				DEVELOPMENT_TEAM = NP8854APR4;
				INFOPLIST_FILE = "Anime List/Info.plist";
				IPHONEOS_DEPLOYMENT_TARGET = 13.0;
				LD_RUNPATH_SEARCH_PATHS = (
					"$(inherited)",
					"@executable_path/Frameworks",
				);
				MARKETING_VERSION = 1.6;
				PRODUCT_BUNDLE_IDENTIFIER = com.aarontreinish.AnimeList;
				PRODUCT_NAME = "Anime Reference";
				SWIFT_VERSION = 5.0;
				TARGETED_DEVICE_FAMILY = "1,2";
			};
			name = Debug;
		};
		2160EDFA2399F5BC002C9202 /* Release */ = {
			isa = XCBuildConfiguration;
			baseConfigurationReference = 1A351EBF5D57639438B39F8C /* Pods-Anime List.release.xcconfig */;
			buildSettings = {
				ASSETCATALOG_COMPILER_APPICON_NAME = AppIcon;
				BUILD_LIBRARY_FOR_DISTRIBUTION = YES;
				CODE_SIGN_ENTITLEMENTS = "Anime List/Anime Reference.entitlements";
				CODE_SIGN_STYLE = Automatic;
				CURRENT_PROJECT_VERSION = 1;
				DEBUG_INFORMATION_FORMAT = "dwarf-with-dsym";
				DEVELOPMENT_TEAM = NP8854APR4;
				INFOPLIST_FILE = "Anime List/Info.plist";
				IPHONEOS_DEPLOYMENT_TARGET = 13.0;
				LD_RUNPATH_SEARCH_PATHS = (
					"$(inherited)",
					"@executable_path/Frameworks",
				);
				MARKETING_VERSION = 1.6;
				PRODUCT_BUNDLE_IDENTIFIER = com.aarontreinish.AnimeList;
				PRODUCT_NAME = "Anime Reference";
				SWIFT_VERSION = 5.0;
				TARGETED_DEVICE_FAMILY = "1,2";
			};
			name = Release;
		};
/* End XCBuildConfiguration section */

/* Begin XCConfigurationList section */
		2160EDDF2399F5B8002C9202 /* Build configuration list for PBXProject "Anime List" */ = {
			isa = XCConfigurationList;
			buildConfigurations = (
				2160EDF62399F5BC002C9202 /* Debug */,
				2160EDF72399F5BC002C9202 /* Release */,
			);
			defaultConfigurationIsVisible = 0;
			defaultConfigurationName = Release;
		};
		2160EDF82399F5BC002C9202 /* Build configuration list for PBXNativeTarget "Anime List" */ = {
			isa = XCConfigurationList;
			buildConfigurations = (
				2160EDF92399F5BC002C9202 /* Debug */,
				2160EDFA2399F5BC002C9202 /* Release */,
			);
			defaultConfigurationIsVisible = 0;
			defaultConfigurationName = Release;
		};
/* End XCConfigurationList section */

/* Begin XCVersionGroup section */
		21D461DE23F4678300E1F9B4 /* SavedList.xcdatamodeld */ = {
			isa = XCVersionGroup;
			children = (
				21D461DF23F4678300E1F9B4 /* SavedList.xcdatamodel */,
			);
			currentVersion = 21D461DF23F4678300E1F9B4 /* SavedList.xcdatamodel */;
			path = SavedList.xcdatamodeld;
			sourceTree = "<group>";
			versionGroupType = wrapper.xcdatamodel;
		};
/* End XCVersionGroup section */
	};
	rootObject = 2160EDDC2399F5B8002C9202 /* Project object */;
}
